// !$*UTF8*$!
{
	archiveVersion = 1;
	classes = {
	};
	objectVersion = 55;
	objects = {

/* Begin PBXBuildFile section */
		461087E628B1F59700616985 /* NameTextFieldView.swift in Sources */ = {isa = PBXBuildFile; fileRef = 461087E528B1F59700616985 /* NameTextFieldView.swift */; };
		461087E928B1F6EE00616985 /* SnapKit in Frameworks */ = {isa = PBXBuildFile; productRef = 461087E828B1F6EE00616985 /* SnapKit */; };
		461087ED28B2100500616985 /* UIFont+Extension.swift in Sources */ = {isa = PBXBuildFile; fileRef = 461087EC28B2100500616985 /* UIFont+Extension.swift */; };
		461087F628B211B500616985 /* NotoSansKR-Black.otf in Resources */ = {isa = PBXBuildFile; fileRef = 461087F028B211B400616985 /* NotoSansKR-Black.otf */; };
		461087F728B211B500616985 /* NotoSansKR-Black.otf in Resources */ = {isa = PBXBuildFile; fileRef = 461087F028B211B400616985 /* NotoSansKR-Black.otf */; };
		461087F828B211B500616985 /* NotoSansKR-Black.otf in Resources */ = {isa = PBXBuildFile; fileRef = 461087F028B211B400616985 /* NotoSansKR-Black.otf */; };
		461087F928B211B500616985 /* NotoSansKR-Medium.otf in Resources */ = {isa = PBXBuildFile; fileRef = 461087F128B211B500616985 /* NotoSansKR-Medium.otf */; };
		461087FA28B211B500616985 /* NotoSansKR-Medium.otf in Resources */ = {isa = PBXBuildFile; fileRef = 461087F128B211B500616985 /* NotoSansKR-Medium.otf */; };
		461087FB28B211B500616985 /* NotoSansKR-Medium.otf in Resources */ = {isa = PBXBuildFile; fileRef = 461087F128B211B500616985 /* NotoSansKR-Medium.otf */; };
		461087FC28B211B500616985 /* NotoSansKR-Bold.otf in Resources */ = {isa = PBXBuildFile; fileRef = 461087F228B211B500616985 /* NotoSansKR-Bold.otf */; };
		461087FD28B211B500616985 /* NotoSansKR-Bold.otf in Resources */ = {isa = PBXBuildFile; fileRef = 461087F228B211B500616985 /* NotoSansKR-Bold.otf */; };
		461087FE28B211B500616985 /* NotoSansKR-Bold.otf in Resources */ = {isa = PBXBuildFile; fileRef = 461087F228B211B500616985 /* NotoSansKR-Bold.otf */; };
		461087FF28B211B500616985 /* NotoSansKR-Thin.otf in Resources */ = {isa = PBXBuildFile; fileRef = 461087F328B211B500616985 /* NotoSansKR-Thin.otf */; };
		4610880028B211B500616985 /* NotoSansKR-Thin.otf in Resources */ = {isa = PBXBuildFile; fileRef = 461087F328B211B500616985 /* NotoSansKR-Thin.otf */; };
		4610880128B211B600616985 /* NotoSansKR-Thin.otf in Resources */ = {isa = PBXBuildFile; fileRef = 461087F328B211B500616985 /* NotoSansKR-Thin.otf */; };
		4610880228B211B600616985 /* NotoSansKR-Regular.otf in Resources */ = {isa = PBXBuildFile; fileRef = 461087F428B211B500616985 /* NotoSansKR-Regular.otf */; };
		4610880328B211B600616985 /* NotoSansKR-Regular.otf in Resources */ = {isa = PBXBuildFile; fileRef = 461087F428B211B500616985 /* NotoSansKR-Regular.otf */; };
		4610880428B211B600616985 /* NotoSansKR-Regular.otf in Resources */ = {isa = PBXBuildFile; fileRef = 461087F428B211B500616985 /* NotoSansKR-Regular.otf */; };
		4610880528B211B600616985 /* NotoSansKR-Light.otf in Resources */ = {isa = PBXBuildFile; fileRef = 461087F528B211B500616985 /* NotoSansKR-Light.otf */; };
		4610880628B211B600616985 /* NotoSansKR-Light.otf in Resources */ = {isa = PBXBuildFile; fileRef = 461087F528B211B500616985 /* NotoSansKR-Light.otf */; };
		4610880728B211B600616985 /* NotoSansKR-Light.otf in Resources */ = {isa = PBXBuildFile; fileRef = 461087F528B211B500616985 /* NotoSansKR-Light.otf */; };
		4610880C28B2134900616985 /* UIColor+Extension.swift in Sources */ = {isa = PBXBuildFile; fileRef = 4610880B28B2134900616985 /* UIColor+Extension.swift */; };
		4610880D28B2134900616985 /* UIColor+Extension.swift in Sources */ = {isa = PBXBuildFile; fileRef = 4610880B28B2134900616985 /* UIColor+Extension.swift */; };
		4610880E28B2134900616985 /* UIColor+Extension.swift in Sources */ = {isa = PBXBuildFile; fileRef = 4610880B28B2134900616985 /* UIColor+Extension.swift */; };
		4610881028B215B100616985 /* UIImage+Extension.swift in Sources */ = {isa = PBXBuildFile; fileRef = 4610880F28B215B100616985 /* UIImage+Extension.swift */; };
		4610881128B215B100616985 /* UIImage+Extension.swift in Sources */ = {isa = PBXBuildFile; fileRef = 4610880F28B215B100616985 /* UIImage+Extension.swift */; };
		4610881228B215B100616985 /* UIImage+Extension.swift in Sources */ = {isa = PBXBuildFile; fileRef = 4610880F28B215B100616985 /* UIImage+Extension.swift */; };
		4610881428B21BA400616985 /* NSAttributedString+Extension.swift in Sources */ = {isa = PBXBuildFile; fileRef = 4610881328B21BA400616985 /* NSAttributedString+Extension.swift */; };
		4610881528B21BA400616985 /* NSAttributedString+Extension.swift in Sources */ = {isa = PBXBuildFile; fileRef = 4610881328B21BA400616985 /* NSAttributedString+Extension.swift */; };
		4610881628B21BA400616985 /* NSAttributedString+Extension.swift in Sources */ = {isa = PBXBuildFile; fileRef = 4610881328B21BA400616985 /* NSAttributedString+Extension.swift */; };
		4610881828B21C0700616985 /* Optional+Extension.swift in Sources */ = {isa = PBXBuildFile; fileRef = 4610881728B21C0700616985 /* Optional+Extension.swift */; };
		4610881928B21C0700616985 /* Optional+Extension.swift in Sources */ = {isa = PBXBuildFile; fileRef = 4610881728B21C0700616985 /* Optional+Extension.swift */; };
		4610881A28B21C0700616985 /* Optional+Extension.swift in Sources */ = {isa = PBXBuildFile; fileRef = 4610881728B21C0700616985 /* Optional+Extension.swift */; };
		462F46BF28AF9F0B00B5BA68 /* RxCocoa in Frameworks */ = {isa = PBXBuildFile; productRef = 462F46BE28AF9F0B00B5BA68 /* RxCocoa */; };
		462F46C128AF9F0B00B5BA68 /* RxRelay in Frameworks */ = {isa = PBXBuildFile; productRef = 462F46C028AF9F0B00B5BA68 /* RxRelay */; };
		462F46C328AF9F0B00B5BA68 /* RxSwift in Frameworks */ = {isa = PBXBuildFile; productRef = 462F46C228AF9F0B00B5BA68 /* RxSwift */; };
		462F46CB28AF9F3C00B5BA68 /* CloneBankSaladTests.swift in Sources */ = {isa = PBXBuildFile; fileRef = 462F46CA28AF9F3C00B5BA68 /* CloneBankSaladTests.swift */; };
		462F46D828AF9F4D00B5BA68 /* CloneBankSaladUITests.swift in Sources */ = {isa = PBXBuildFile; fileRef = 462F46D728AF9F4D00B5BA68 /* CloneBankSaladUITests.swift */; };
		462F46DA28AF9F4D00B5BA68 /* CloneBankSaladUITestsLaunchTests.swift in Sources */ = {isa = PBXBuildFile; fileRef = 462F46D928AF9F4D00B5BA68 /* CloneBankSaladUITestsLaunchTests.swift */; };
		462F46E328AFA1D400B5BA68 /* IdentifyingUserViewController.swift in Sources */ = {isa = PBXBuildFile; fileRef = 462F46E228AFA1D400B5BA68 /* IdentifyingUserViewController.swift */; };
		462F46E628AFA28800B5BA68 /* IdentifyingUserViewControllerTests.swift in Sources */ = {isa = PBXBuildFile; fileRef = 462F46E528AFA28800B5BA68 /* IdentifyingUserViewControllerTests.swift */; };
		462F46E928AFA4A000B5BA68 /* ReactorKit in Frameworks */ = {isa = PBXBuildFile; productRef = 462F46E828AFA4A000B5BA68 /* ReactorKit */; };
		4630C80728B227770081EF94 /* IQKeyboardManagerSwift in Frameworks */ = {isa = PBXBuildFile; productRef = 4630C80628B227770081EF94 /* IQKeyboardManagerSwift */; };
		4630C80A28B23A1C0081EF94 /* UIViewController+Rx.swift in Sources */ = {isa = PBXBuildFile; fileRef = 4630C80928B23A1C0081EF94 /* UIViewController+Rx.swift */; };
		4630C80C28B240120081EF94 /* UITextField+Rx.swift in Sources */ = {isa = PBXBuildFile; fileRef = 4630C80B28B240120081EF94 /* UITextField+Rx.swift */; };
		46F9A0C328AF9C2600D43341 /* AppDelegate.swift in Sources */ = {isa = PBXBuildFile; fileRef = 46F9A0C228AF9C2600D43341 /* AppDelegate.swift */; };
		46F9A0C528AF9C2600D43341 /* SceneDelegate.swift in Sources */ = {isa = PBXBuildFile; fileRef = 46F9A0C428AF9C2600D43341 /* SceneDelegate.swift */; };
		46F9A0C728AF9C2600D43341 /* ViewController.swift in Sources */ = {isa = PBXBuildFile; fileRef = 46F9A0C628AF9C2600D43341 /* ViewController.swift */; };
		46F9A0CA28AF9C2600D43341 /* Main.storyboard in Resources */ = {isa = PBXBuildFile; fileRef = 46F9A0C828AF9C2600D43341 /* Main.storyboard */; };
		46F9A0CC28AF9C2700D43341 /* Assets.xcassets in Resources */ = {isa = PBXBuildFile; fileRef = 46F9A0CB28AF9C2700D43341 /* Assets.xcassets */; };
		46F9A0CF28AF9C2700D43341 /* LaunchScreen.storyboard in Resources */ = {isa = PBXBuildFile; fileRef = 46F9A0CD28AF9C2700D43341 /* LaunchScreen.storyboard */; };
		B046A44628B46D8A001738DF /* PhoneNumberTextFieldView.swift in Sources */ = {isa = PBXBuildFile; fileRef = B046A44528B46D8A001738DF /* PhoneNumberTextFieldView.swift */; };
		B046A44828B470D4001738DF /* CarrierSelectionButtonView.swift in Sources */ = {isa = PBXBuildFile; fileRef = B046A44728B470D4001738DF /* CarrierSelectionButtonView.swift */; };
		B046A44B28B473B7001738DF /* Common.swift in Sources */ = {isa = PBXBuildFile; fileRef = B046A44A28B473B7001738DF /* Common.swift */; };
		B053B0B428B3551A008B751E /* AppFlow.swift in Sources */ = {isa = PBXBuildFile; fileRef = B053B0B328B3551A008B751E /* AppFlow.swift */; };
		B053B0B728B3555F008B751E /* RxFlow in Frameworks */ = {isa = PBXBuildFile; productRef = B053B0B628B3555F008B751E /* RxFlow */; };
		B053B0BB28B35BB3008B751E /* OnboardingFlow.swift in Sources */ = {isa = PBXBuildFile; fileRef = B053B0BA28B35BB3008B751E /* OnboardingFlow.swift */; };
		B06F45EB28B6FBB8000C3E2D /* RxGesture in Frameworks */ = {isa = PBXBuildFile; productRef = B06F45EA28B6FBB8000C3E2D /* RxGesture */; };
		B06F45EE28B6FBC5000C3E2D /* PanModal in Frameworks */ = {isa = PBXBuildFile; productRef = B06F45ED28B6FBC5000C3E2D /* PanModal */; };
		B06F45F028B6FBD1000C3E2D /* UIView+Rx.swift in Sources */ = {isa = PBXBuildFile; fileRef = B06F45EF28B6FBD1000C3E2D /* UIView+Rx.swift */; };
		B06F45F228B6FD32000C3E2D /* CarrierSelectionModalViewController.swift in Sources */ = {isa = PBXBuildFile; fileRef = B06F45F128B6FD32000C3E2D /* CarrierSelectionModalViewController.swift */; };
		B06F45F428B7014B000C3E2D /* CarrierCellView.swift in Sources */ = {isa = PBXBuildFile; fileRef = B06F45F328B7014B000C3E2D /* CarrierCellView.swift */; };
		B06F45F628B70D48000C3E2D /* NotificationName+Extension.swift in Sources */ = {isa = PBXBuildFile; fileRef = B06F45F528B70D48000C3E2D /* NotificationName+Extension.swift */; };
		B06F45F928B753C7000C3E2D /* Regex.swift in Sources */ = {isa = PBXBuildFile; fileRef = B06F45F828B753C7000C3E2D /* Regex.swift */; };
		B08C20EE28B848B5006B816F /* Then in Frameworks */ = {isa = PBXBuildFile; productRef = B08C20ED28B848B5006B816F /* Then */; };
		B08C210528B8B2C5006B816F /* UILabel+Extension.swift in Sources */ = {isa = PBXBuildFile; fileRef = B08C210428B8B2C5006B816F /* UILabel+Extension.swift */; };
		B0D3C14728B35D5D009A2CD3 /* RegistrationNumberTextFieldView.swift in Sources */ = {isa = PBXBuildFile; fileRef = B0D3C14628B35D5D009A2CD3 /* RegistrationNumberTextFieldView.swift */; };
		B0E708CA28B5AEC000EEBA31 /* Pretendard-ExtraLight.otf in Resources */ = {isa = PBXBuildFile; fileRef = B0E708C328B5AEBF00EEBA31 /* Pretendard-ExtraLight.otf */; };
		B0E708CB28B5AEC000EEBA31 /* Pretendard-ExtraLight.otf in Resources */ = {isa = PBXBuildFile; fileRef = B0E708C328B5AEBF00EEBA31 /* Pretendard-ExtraLight.otf */; };
		B0E708CC28B5AEC000EEBA31 /* Pretendard-ExtraLight.otf in Resources */ = {isa = PBXBuildFile; fileRef = B0E708C328B5AEBF00EEBA31 /* Pretendard-ExtraLight.otf */; };
		B0E708CD28B5AEC000EEBA31 /* Pretendard-Medium.otf in Resources */ = {isa = PBXBuildFile; fileRef = B0E708C428B5AEBF00EEBA31 /* Pretendard-Medium.otf */; };
		B0E708CE28B5AEC000EEBA31 /* Pretendard-Medium.otf in Resources */ = {isa = PBXBuildFile; fileRef = B0E708C428B5AEBF00EEBA31 /* Pretendard-Medium.otf */; };
		B0E708CF28B5AEC000EEBA31 /* Pretendard-Medium.otf in Resources */ = {isa = PBXBuildFile; fileRef = B0E708C428B5AEBF00EEBA31 /* Pretendard-Medium.otf */; };
		B0E708D028B5AEC000EEBA31 /* Pretendard-SemiBold.otf in Resources */ = {isa = PBXBuildFile; fileRef = B0E708C528B5AEBF00EEBA31 /* Pretendard-SemiBold.otf */; };
		B0E708D128B5AEC000EEBA31 /* Pretendard-SemiBold.otf in Resources */ = {isa = PBXBuildFile; fileRef = B0E708C528B5AEBF00EEBA31 /* Pretendard-SemiBold.otf */; };
		B0E708D228B5AEC000EEBA31 /* Pretendard-SemiBold.otf in Resources */ = {isa = PBXBuildFile; fileRef = B0E708C528B5AEBF00EEBA31 /* Pretendard-SemiBold.otf */; };
		B0E708D328B5AEC000EEBA31 /* Pretendard-Light.otf in Resources */ = {isa = PBXBuildFile; fileRef = B0E708C628B5AEBF00EEBA31 /* Pretendard-Light.otf */; };
		B0E708D428B5AEC000EEBA31 /* Pretendard-Light.otf in Resources */ = {isa = PBXBuildFile; fileRef = B0E708C628B5AEBF00EEBA31 /* Pretendard-Light.otf */; };
		B0E708D528B5AEC000EEBA31 /* Pretendard-Light.otf in Resources */ = {isa = PBXBuildFile; fileRef = B0E708C628B5AEBF00EEBA31 /* Pretendard-Light.otf */; };
		B0E708D628B5AEC000EEBA31 /* Pretendard-Regular.otf in Resources */ = {isa = PBXBuildFile; fileRef = B0E708C728B5AEBF00EEBA31 /* Pretendard-Regular.otf */; };
		B0E708D728B5AEC000EEBA31 /* Pretendard-Regular.otf in Resources */ = {isa = PBXBuildFile; fileRef = B0E708C728B5AEBF00EEBA31 /* Pretendard-Regular.otf */; };
		B0E708D828B5AEC000EEBA31 /* Pretendard-Regular.otf in Resources */ = {isa = PBXBuildFile; fileRef = B0E708C728B5AEBF00EEBA31 /* Pretendard-Regular.otf */; };
		B0E708D928B5AEC000EEBA31 /* Pretendard-Thin.otf in Resources */ = {isa = PBXBuildFile; fileRef = B0E708C828B5AEC000EEBA31 /* Pretendard-Thin.otf */; };
		B0E708DA28B5AEC000EEBA31 /* Pretendard-Thin.otf in Resources */ = {isa = PBXBuildFile; fileRef = B0E708C828B5AEC000EEBA31 /* Pretendard-Thin.otf */; };
		B0E708DB28B5AEC000EEBA31 /* Pretendard-Thin.otf in Resources */ = {isa = PBXBuildFile; fileRef = B0E708C828B5AEC000EEBA31 /* Pretendard-Thin.otf */; };
		B0E708DC28B5AEC000EEBA31 /* Pretendard-Bold.otf in Resources */ = {isa = PBXBuildFile; fileRef = B0E708C928B5AEC000EEBA31 /* Pretendard-Bold.otf */; };
		B0E708DD28B5AEC000EEBA31 /* Pretendard-Bold.otf in Resources */ = {isa = PBXBuildFile; fileRef = B0E708C928B5AEC000EEBA31 /* Pretendard-Bold.otf */; };
		B0E708DE28B5AEC000EEBA31 /* Pretendard-Bold.otf in Resources */ = {isa = PBXBuildFile; fileRef = B0E708C928B5AEC000EEBA31 /* Pretendard-Bold.otf */; };
/* End PBXBuildFile section */

/* Begin PBXContainerItemProxy section */
		462F46CC28AF9F3C00B5BA68 /* PBXContainerItemProxy */ = {
			isa = PBXContainerItemProxy;
			containerPortal = 46F9A0B728AF9C2600D43341 /* Project object */;
			proxyType = 1;
			remoteGlobalIDString = 46F9A0BE28AF9C2600D43341;
			remoteInfo = CloneBankSalad;
		};
		462F46DB28AF9F4D00B5BA68 /* PBXContainerItemProxy */ = {
			isa = PBXContainerItemProxy;
			containerPortal = 46F9A0B728AF9C2600D43341 /* Project object */;
			proxyType = 1;
			remoteGlobalIDString = 46F9A0BE28AF9C2600D43341;
			remoteInfo = CloneBankSalad;
		};
/* End PBXContainerItemProxy section */

/* Begin PBXFileReference section */
		461087E528B1F59700616985 /* NameTextFieldView.swift */ = {isa = PBXFileReference; lastKnownFileType = sourcecode.swift; path = NameTextFieldView.swift; sourceTree = "<group>"; };
		461087EC28B2100500616985 /* UIFont+Extension.swift */ = {isa = PBXFileReference; lastKnownFileType = sourcecode.swift; path = "UIFont+Extension.swift"; sourceTree = "<group>"; };
		461087F028B211B400616985 /* NotoSansKR-Black.otf */ = {isa = PBXFileReference; lastKnownFileType = file; path = "NotoSansKR-Black.otf"; sourceTree = "<group>"; };
		461087F128B211B500616985 /* NotoSansKR-Medium.otf */ = {isa = PBXFileReference; lastKnownFileType = file; path = "NotoSansKR-Medium.otf"; sourceTree = "<group>"; };
		461087F228B211B500616985 /* NotoSansKR-Bold.otf */ = {isa = PBXFileReference; lastKnownFileType = file; path = "NotoSansKR-Bold.otf"; sourceTree = "<group>"; };
		461087F328B211B500616985 /* NotoSansKR-Thin.otf */ = {isa = PBXFileReference; lastKnownFileType = file; path = "NotoSansKR-Thin.otf"; sourceTree = "<group>"; };
		461087F428B211B500616985 /* NotoSansKR-Regular.otf */ = {isa = PBXFileReference; lastKnownFileType = file; path = "NotoSansKR-Regular.otf"; sourceTree = "<group>"; };
		461087F528B211B500616985 /* NotoSansKR-Light.otf */ = {isa = PBXFileReference; lastKnownFileType = file; path = "NotoSansKR-Light.otf"; sourceTree = "<group>"; };
		4610880B28B2134900616985 /* UIColor+Extension.swift */ = {isa = PBXFileReference; lastKnownFileType = sourcecode.swift; path = "UIColor+Extension.swift"; sourceTree = "<group>"; };
		4610880F28B215B100616985 /* UIImage+Extension.swift */ = {isa = PBXFileReference; lastKnownFileType = sourcecode.swift; path = "UIImage+Extension.swift"; sourceTree = "<group>"; };
		4610881328B21BA400616985 /* NSAttributedString+Extension.swift */ = {isa = PBXFileReference; lastKnownFileType = sourcecode.swift; path = "NSAttributedString+Extension.swift"; sourceTree = "<group>"; };
		4610881728B21C0700616985 /* Optional+Extension.swift */ = {isa = PBXFileReference; lastKnownFileType = sourcecode.swift; path = "Optional+Extension.swift"; sourceTree = "<group>"; };
		462F46C828AF9F3C00B5BA68 /* CloneBankSaladTests.xctest */ = {isa = PBXFileReference; explicitFileType = wrapper.cfbundle; includeInIndex = 0; path = CloneBankSaladTests.xctest; sourceTree = BUILT_PRODUCTS_DIR; };
		462F46CA28AF9F3C00B5BA68 /* CloneBankSaladTests.swift */ = {isa = PBXFileReference; lastKnownFileType = sourcecode.swift; path = CloneBankSaladTests.swift; sourceTree = "<group>"; };
		462F46D528AF9F4D00B5BA68 /* CloneBankSaladUITests.xctest */ = {isa = PBXFileReference; explicitFileType = wrapper.cfbundle; includeInIndex = 0; path = CloneBankSaladUITests.xctest; sourceTree = BUILT_PRODUCTS_DIR; };
		462F46D728AF9F4D00B5BA68 /* CloneBankSaladUITests.swift */ = {isa = PBXFileReference; lastKnownFileType = sourcecode.swift; path = CloneBankSaladUITests.swift; sourceTree = "<group>"; };
		462F46D928AF9F4D00B5BA68 /* CloneBankSaladUITestsLaunchTests.swift */ = {isa = PBXFileReference; lastKnownFileType = sourcecode.swift; path = CloneBankSaladUITestsLaunchTests.swift; sourceTree = "<group>"; };
		462F46E228AFA1D400B5BA68 /* IdentifyingUserViewController.swift */ = {isa = PBXFileReference; lastKnownFileType = sourcecode.swift; path = IdentifyingUserViewController.swift; sourceTree = "<group>"; };
		462F46E528AFA28800B5BA68 /* IdentifyingUserViewControllerTests.swift */ = {isa = PBXFileReference; lastKnownFileType = sourcecode.swift; path = IdentifyingUserViewControllerTests.swift; sourceTree = "<group>"; };
		4630C80928B23A1C0081EF94 /* UIViewController+Rx.swift */ = {isa = PBXFileReference; lastKnownFileType = sourcecode.swift; path = "UIViewController+Rx.swift"; sourceTree = "<group>"; };
		4630C80B28B240120081EF94 /* UITextField+Rx.swift */ = {isa = PBXFileReference; lastKnownFileType = sourcecode.swift; path = "UITextField+Rx.swift"; sourceTree = "<group>"; };
		46F9A0BF28AF9C2600D43341 /* CloneBankSalad.app */ = {isa = PBXFileReference; explicitFileType = wrapper.application; includeInIndex = 0; path = CloneBankSalad.app; sourceTree = BUILT_PRODUCTS_DIR; };
		46F9A0C228AF9C2600D43341 /* AppDelegate.swift */ = {isa = PBXFileReference; lastKnownFileType = sourcecode.swift; path = AppDelegate.swift; sourceTree = "<group>"; };
		46F9A0C428AF9C2600D43341 /* SceneDelegate.swift */ = {isa = PBXFileReference; lastKnownFileType = sourcecode.swift; path = SceneDelegate.swift; sourceTree = "<group>"; };
		46F9A0C628AF9C2600D43341 /* ViewController.swift */ = {isa = PBXFileReference; lastKnownFileType = sourcecode.swift; path = ViewController.swift; sourceTree = "<group>"; };
		46F9A0C928AF9C2600D43341 /* Base */ = {isa = PBXFileReference; lastKnownFileType = file.storyboard; name = Base; path = Base.lproj/Main.storyboard; sourceTree = "<group>"; };
		46F9A0CB28AF9C2700D43341 /* Assets.xcassets */ = {isa = PBXFileReference; lastKnownFileType = folder.assetcatalog; path = Assets.xcassets; sourceTree = "<group>"; };
		46F9A0CE28AF9C2700D43341 /* Base */ = {isa = PBXFileReference; lastKnownFileType = file.storyboard; name = Base; path = Base.lproj/LaunchScreen.storyboard; sourceTree = "<group>"; };
		46F9A0D028AF9C2700D43341 /* Info.plist */ = {isa = PBXFileReference; lastKnownFileType = text.plist.xml; path = Info.plist; sourceTree = "<group>"; };
		B046A44528B46D8A001738DF /* PhoneNumberTextFieldView.swift */ = {isa = PBXFileReference; lastKnownFileType = sourcecode.swift; path = PhoneNumberTextFieldView.swift; sourceTree = "<group>"; };
		B046A44728B470D4001738DF /* CarrierSelectionButtonView.swift */ = {isa = PBXFileReference; lastKnownFileType = sourcecode.swift; path = CarrierSelectionButtonView.swift; sourceTree = "<group>"; };
		B046A44A28B473B7001738DF /* Common.swift */ = {isa = PBXFileReference; lastKnownFileType = sourcecode.swift; path = Common.swift; sourceTree = "<group>"; };
		B053B0B328B3551A008B751E /* AppFlow.swift */ = {isa = PBXFileReference; lastKnownFileType = sourcecode.swift; path = AppFlow.swift; sourceTree = "<group>"; };
		B053B0BA28B35BB3008B751E /* OnboardingFlow.swift */ = {isa = PBXFileReference; lastKnownFileType = sourcecode.swift; path = OnboardingFlow.swift; sourceTree = "<group>"; };
		B06F45EF28B6FBD1000C3E2D /* UIView+Rx.swift */ = {isa = PBXFileReference; lastKnownFileType = sourcecode.swift; path = "UIView+Rx.swift"; sourceTree = "<group>"; };
		B06F45F128B6FD32000C3E2D /* CarrierSelectionModalViewController.swift */ = {isa = PBXFileReference; lastKnownFileType = sourcecode.swift; path = CarrierSelectionModalViewController.swift; sourceTree = "<group>"; };
		B06F45F328B7014B000C3E2D /* CarrierCellView.swift */ = {isa = PBXFileReference; lastKnownFileType = sourcecode.swift; path = CarrierCellView.swift; sourceTree = "<group>"; };
		B06F45F528B70D48000C3E2D /* NotificationName+Extension.swift */ = {isa = PBXFileReference; lastKnownFileType = sourcecode.swift; path = "NotificationName+Extension.swift"; sourceTree = "<group>"; };
		B06F45F828B753C7000C3E2D /* Regex.swift */ = {isa = PBXFileReference; lastKnownFileType = sourcecode.swift; path = Regex.swift; sourceTree = "<group>"; };
		B08C210428B8B2C5006B816F /* UILabel+Extension.swift */ = {isa = PBXFileReference; lastKnownFileType = sourcecode.swift; path = "UILabel+Extension.swift"; sourceTree = "<group>"; };
		B0D3C14628B35D5D009A2CD3 /* RegistrationNumberTextFieldView.swift */ = {isa = PBXFileReference; lastKnownFileType = sourcecode.swift; path = RegistrationNumberTextFieldView.swift; sourceTree = "<group>"; };
		B0E708C328B5AEBF00EEBA31 /* Pretendard-ExtraLight.otf */ = {isa = PBXFileReference; lastKnownFileType = file; path = "Pretendard-ExtraLight.otf"; sourceTree = "<group>"; };
		B0E708C428B5AEBF00EEBA31 /* Pretendard-Medium.otf */ = {isa = PBXFileReference; lastKnownFileType = file; path = "Pretendard-Medium.otf"; sourceTree = "<group>"; };
		B0E708C528B5AEBF00EEBA31 /* Pretendard-SemiBold.otf */ = {isa = PBXFileReference; lastKnownFileType = file; path = "Pretendard-SemiBold.otf"; sourceTree = "<group>"; };
		B0E708C628B5AEBF00EEBA31 /* Pretendard-Light.otf */ = {isa = PBXFileReference; lastKnownFileType = file; path = "Pretendard-Light.otf"; sourceTree = "<group>"; };
		B0E708C728B5AEBF00EEBA31 /* Pretendard-Regular.otf */ = {isa = PBXFileReference; lastKnownFileType = file; path = "Pretendard-Regular.otf"; sourceTree = "<group>"; };
		B0E708C828B5AEC000EEBA31 /* Pretendard-Thin.otf */ = {isa = PBXFileReference; lastKnownFileType = file; path = "Pretendard-Thin.otf"; sourceTree = "<group>"; };
		B0E708C928B5AEC000EEBA31 /* Pretendard-Bold.otf */ = {isa = PBXFileReference; lastKnownFileType = file; path = "Pretendard-Bold.otf"; sourceTree = "<group>"; };
/* End PBXFileReference section */

/* Begin PBXFrameworksBuildPhase section */
		462F46C528AF9F3C00B5BA68 /* Frameworks */ = {
			isa = PBXFrameworksBuildPhase;
			buildActionMask = 2147483647;
			files = (
			);
			runOnlyForDeploymentPostprocessing = 0;
		};
		462F46D228AF9F4D00B5BA68 /* Frameworks */ = {
			isa = PBXFrameworksBuildPhase;
			buildActionMask = 2147483647;
			files = (
			);
			runOnlyForDeploymentPostprocessing = 0;
		};
		46F9A0BC28AF9C2600D43341 /* Frameworks */ = {
			isa = PBXFrameworksBuildPhase;
			buildActionMask = 2147483647;
			files = (
				462F46C328AF9F0B00B5BA68 /* RxSwift in Frameworks */,
				B053B0B728B3555F008B751E /* RxFlow in Frameworks */,
				B06F45EB28B6FBB8000C3E2D /* RxGesture in Frameworks */,
				462F46C128AF9F0B00B5BA68 /* RxRelay in Frameworks */,
				462F46E928AFA4A000B5BA68 /* ReactorKit in Frameworks */,
				B08C20EE28B848B5006B816F /* Then in Frameworks */,
				462F46BF28AF9F0B00B5BA68 /* RxCocoa in Frameworks */,
				461087E928B1F6EE00616985 /* SnapKit in Frameworks */,
				4630C80728B227770081EF94 /* IQKeyboardManagerSwift in Frameworks */,
				B06F45EE28B6FBC5000C3E2D /* PanModal in Frameworks */,
			);
			runOnlyForDeploymentPostprocessing = 0;
		};
/* End PBXFrameworksBuildPhase section */

/* Begin PBXGroup section */
		461087E428B1F56E00616985 /* View */ = {
			isa = PBXGroup;
			children = (
				461087E528B1F59700616985 /* NameTextFieldView.swift */,
				B0D3C14628B35D5D009A2CD3 /* RegistrationNumberTextFieldView.swift */,
				B046A44528B46D8A001738DF /* PhoneNumberTextFieldView.swift */,
				B046A44728B470D4001738DF /* CarrierSelectionButtonView.swift */,
				B06F45F328B7014B000C3E2D /* CarrierCellView.swift */,
			);
			path = View;
			sourceTree = "<group>";
		};
		461087EB28B20FFC00616985 /* Extension */ = {
			isa = PBXGroup;
			children = (
				B06F45F528B70D48000C3E2D /* NotificationName+Extension.swift */,
				4610881328B21BA400616985 /* NSAttributedString+Extension.swift */,
				4610881728B21C0700616985 /* Optional+Extension.swift */,
				4610880B28B2134900616985 /* UIColor+Extension.swift */,
				461087EC28B2100500616985 /* UIFont+Extension.swift */,
				4610880F28B215B100616985 /* UIImage+Extension.swift */,
				B08C210428B8B2C5006B816F /* UILabel+Extension.swift */,
			);
			path = Extension;
			sourceTree = "<group>";
		};
		461087EE28B2118E00616985 /* Resources */ = {
			isa = PBXGroup;
			children = (
				4610880A28B2125300616985 /* Storyboards */,
				461087EF28B2119200616985 /* Fonts */,
				46F9A0CB28AF9C2700D43341 /* Assets.xcassets */,
			);
			path = Resources;
			sourceTree = "<group>";
		};
		461087EF28B2119200616985 /* Fonts */ = {
			isa = PBXGroup;
			children = (
				B0E708C228B5AEAB00EEBA31 /* Pretendard */,
				B0E708C128B5AEA100EEBA31 /* NotoSansKR */,
			);
			name = Fonts;
			sourceTree = "<group>";
		};
		4610880828B2123600616985 /* Sources */ = {
			isa = PBXGroup;
			children = (
				B06F45F728B753C0000C3E2D /* Util */,
				B046A44928B473AA001738DF /* Model */,
				461087EB28B20FFC00616985 /* Extension */,
				B053B0B228B354C6008B751E /* Flow */,
				4610880928B2124600616985 /* LifeCycle */,
				4630C80828B23A110081EF94 /* Rx */,
				462F46E028AFA1AE00B5BA68 /* ViewController */,
			);
			path = Sources;
			sourceTree = "<group>";
		};
		4610880928B2124600616985 /* LifeCycle */ = {
			isa = PBXGroup;
			children = (
				46F9A0C228AF9C2600D43341 /* AppDelegate.swift */,
				46F9A0C428AF9C2600D43341 /* SceneDelegate.swift */,
			);
			path = LifeCycle;
			sourceTree = "<group>";
		};
		4610880A28B2125300616985 /* Storyboards */ = {
			isa = PBXGroup;
			children = (
				46F9A0C828AF9C2600D43341 /* Main.storyboard */,
				46F9A0CD28AF9C2700D43341 /* LaunchScreen.storyboard */,
			);
			name = Storyboards;
			sourceTree = "<group>";
		};
		462F46C928AF9F3C00B5BA68 /* CloneBankSaladTests */ = {
			isa = PBXGroup;
			children = (
				462F46CA28AF9F3C00B5BA68 /* CloneBankSaladTests.swift */,
				462F46E428AFA27100B5BA68 /* OnboardingTests */,
			);
			path = CloneBankSaladTests;
			sourceTree = "<group>";
		};
		462F46D628AF9F4D00B5BA68 /* CloneBankSaladUITests */ = {
			isa = PBXGroup;
			children = (
				462F46D728AF9F4D00B5BA68 /* CloneBankSaladUITests.swift */,
				462F46D928AF9F4D00B5BA68 /* CloneBankSaladUITestsLaunchTests.swift */,
			);
			path = CloneBankSaladUITests;
			sourceTree = "<group>";
		};
		462F46E028AFA1AE00B5BA68 /* ViewController */ = {
			isa = PBXGroup;
			children = (
				462F46E128AFA1B800B5BA68 /* Onboarding */,
			);
			path = ViewController;
			sourceTree = "<group>";
		};
		462F46E128AFA1B800B5BA68 /* Onboarding */ = {
			isa = PBXGroup;
			children = (
				461087E428B1F56E00616985 /* View */,
				B06F45F128B6FD32000C3E2D /* CarrierSelectionModalViewController.swift */,
				462F46E228AFA1D400B5BA68 /* IdentifyingUserViewController.swift */,
			);
			path = Onboarding;
			sourceTree = "<group>";
		};
		462F46E428AFA27100B5BA68 /* OnboardingTests */ = {
			isa = PBXGroup;
			children = (
				462F46E528AFA28800B5BA68 /* IdentifyingUserViewControllerTests.swift */,
			);
			path = OnboardingTests;
			sourceTree = "<group>";
		};
		4630C80828B23A110081EF94 /* Rx */ = {
			isa = PBXGroup;
			children = (
				4630C80B28B240120081EF94 /* UITextField+Rx.swift */,
				4630C80928B23A1C0081EF94 /* UIViewController+Rx.swift */,
				B06F45EF28B6FBD1000C3E2D /* UIView+Rx.swift */,
			);
			path = Rx;
			sourceTree = "<group>";
		};
		46F9A0B628AF9C2600D43341 = {
			isa = PBXGroup;
			children = (
				46F9A0C128AF9C2600D43341 /* CloneBankSalad */,
				462F46C928AF9F3C00B5BA68 /* CloneBankSaladTests */,
				462F46D628AF9F4D00B5BA68 /* CloneBankSaladUITests */,
				46F9A0C028AF9C2600D43341 /* Products */,
			);
			sourceTree = "<group>";
		};
		46F9A0C028AF9C2600D43341 /* Products */ = {
			isa = PBXGroup;
			children = (
				46F9A0BF28AF9C2600D43341 /* CloneBankSalad.app */,
				462F46C828AF9F3C00B5BA68 /* CloneBankSaladTests.xctest */,
				462F46D528AF9F4D00B5BA68 /* CloneBankSaladUITests.xctest */,
			);
			name = Products;
			sourceTree = "<group>";
		};
		46F9A0C128AF9C2600D43341 /* CloneBankSalad */ = {
			isa = PBXGroup;
			children = (
				46F9A0D028AF9C2700D43341 /* Info.plist */,
				461087EE28B2118E00616985 /* Resources */,
				4610880828B2123600616985 /* Sources */,
				46F9A0C628AF9C2600D43341 /* ViewController.swift */,
			);
			path = CloneBankSalad;
			sourceTree = "<group>";
		};
		B046A44928B473AA001738DF /* Model */ = {
			isa = PBXGroup;
			children = (
				B046A44A28B473B7001738DF /* Common.swift */,
			);
			path = Model;
			sourceTree = "<group>";
		};
		B053B0B228B354C6008B751E /* Flow */ = {
			isa = PBXGroup;
			children = (
				B053B0B328B3551A008B751E /* AppFlow.swift */,
				B053B0BA28B35BB3008B751E /* OnboardingFlow.swift */,
			);
			path = Flow;
			sourceTree = "<group>";
		};
		B06F45F728B753C0000C3E2D /* Util */ = {
			isa = PBXGroup;
			children = (
				B06F45F828B753C7000C3E2D /* Regex.swift */,
			);
			path = Util;
			sourceTree = "<group>";
		};
		B0E708C128B5AEA100EEBA31 /* NotoSansKR */ = {
			isa = PBXGroup;
			children = (
				461087F028B211B400616985 /* NotoSansKR-Black.otf */,
				461087F228B211B500616985 /* NotoSansKR-Bold.otf */,
				461087F528B211B500616985 /* NotoSansKR-Light.otf */,
				461087F128B211B500616985 /* NotoSansKR-Medium.otf */,
				461087F428B211B500616985 /* NotoSansKR-Regular.otf */,
				461087F328B211B500616985 /* NotoSansKR-Thin.otf */,
			);
			name = NotoSansKR;
			sourceTree = "<group>";
		};
		B0E708C228B5AEAB00EEBA31 /* Pretendard */ = {
			isa = PBXGroup;
			children = (
				B0E708C928B5AEC000EEBA31 /* Pretendard-Bold.otf */,
				B0E708C328B5AEBF00EEBA31 /* Pretendard-ExtraLight.otf */,
				B0E708C628B5AEBF00EEBA31 /* Pretendard-Light.otf */,
				B0E708C428B5AEBF00EEBA31 /* Pretendard-Medium.otf */,
				B0E708C728B5AEBF00EEBA31 /* Pretendard-Regular.otf */,
				B0E708C528B5AEBF00EEBA31 /* Pretendard-SemiBold.otf */,
				B0E708C828B5AEC000EEBA31 /* Pretendard-Thin.otf */,
			);
			name = Pretendard;
			sourceTree = "<group>";
		};
/* End PBXGroup section */

/* Begin PBXNativeTarget section */
		462F46C728AF9F3C00B5BA68 /* CloneBankSaladTests */ = {
			isa = PBXNativeTarget;
			buildConfigurationList = 462F46CE28AF9F3C00B5BA68 /* Build configuration list for PBXNativeTarget "CloneBankSaladTests" */;
			buildPhases = (
				462F46C428AF9F3C00B5BA68 /* Sources */,
				462F46C528AF9F3C00B5BA68 /* Frameworks */,
				462F46C628AF9F3C00B5BA68 /* Resources */,
			);
			buildRules = (
			);
			dependencies = (
				462F46CD28AF9F3C00B5BA68 /* PBXTargetDependency */,
			);
			name = CloneBankSaladTests;
			productName = CloneBankSaladTests;
			productReference = 462F46C828AF9F3C00B5BA68 /* CloneBankSaladTests.xctest */;
			productType = "com.apple.product-type.bundle.unit-test";
		};
		462F46D428AF9F4D00B5BA68 /* CloneBankSaladUITests */ = {
			isa = PBXNativeTarget;
			buildConfigurationList = 462F46DD28AF9F4D00B5BA68 /* Build configuration list for PBXNativeTarget "CloneBankSaladUITests" */;
			buildPhases = (
				462F46D128AF9F4D00B5BA68 /* Sources */,
				462F46D228AF9F4D00B5BA68 /* Frameworks */,
				462F46D328AF9F4D00B5BA68 /* Resources */,
			);
			buildRules = (
			);
			dependencies = (
				462F46DC28AF9F4D00B5BA68 /* PBXTargetDependency */,
			);
			name = CloneBankSaladUITests;
			productName = CloneBankSaladUITests;
			productReference = 462F46D528AF9F4D00B5BA68 /* CloneBankSaladUITests.xctest */;
			productType = "com.apple.product-type.bundle.ui-testing";
		};
		46F9A0BE28AF9C2600D43341 /* CloneBankSalad */ = {
			isa = PBXNativeTarget;
			buildConfigurationList = 46F9A0D328AF9C2700D43341 /* Build configuration list for PBXNativeTarget "CloneBankSalad" */;
			buildPhases = (
				46F9A0BB28AF9C2600D43341 /* Sources */,
				46F9A0BC28AF9C2600D43341 /* Frameworks */,
				46F9A0BD28AF9C2600D43341 /* Resources */,
			);
			buildRules = (
			);
			dependencies = (
			);
			name = CloneBankSalad;
			packageProductDependencies = (
				462F46BE28AF9F0B00B5BA68 /* RxCocoa */,
				462F46C028AF9F0B00B5BA68 /* RxRelay */,
				462F46C228AF9F0B00B5BA68 /* RxSwift */,
				462F46E828AFA4A000B5BA68 /* ReactorKit */,
				461087E828B1F6EE00616985 /* SnapKit */,
				4630C80628B227770081EF94 /* IQKeyboardManagerSwift */,
				B053B0B628B3555F008B751E /* RxFlow */,
				B06F45EA28B6FBB8000C3E2D /* RxGesture */,
				B06F45ED28B6FBC5000C3E2D /* PanModal */,
				B08C20ED28B848B5006B816F /* Then */,
			);
			productName = CloneBankSalad;
			productReference = 46F9A0BF28AF9C2600D43341 /* CloneBankSalad.app */;
			productType = "com.apple.product-type.application";
		};
/* End PBXNativeTarget section */

/* Begin PBXProject section */
		46F9A0B728AF9C2600D43341 /* Project object */ = {
			isa = PBXProject;
			attributes = {
				BuildIndependentTargetsInParallel = 1;
				LastSwiftUpdateCheck = 1340;
				LastUpgradeCheck = 1340;
				TargetAttributes = {
					462F46C728AF9F3C00B5BA68 = {
						CreatedOnToolsVersion = 13.4.1;
						TestTargetID = 46F9A0BE28AF9C2600D43341;
					};
					462F46D428AF9F4D00B5BA68 = {
						CreatedOnToolsVersion = 13.4.1;
						TestTargetID = 46F9A0BE28AF9C2600D43341;
					};
					46F9A0BE28AF9C2600D43341 = {
						CreatedOnToolsVersion = 13.4.1;
					};
				};
			};
			buildConfigurationList = 46F9A0BA28AF9C2600D43341 /* Build configuration list for PBXProject "CloneBankSalad" */;
			compatibilityVersion = "Xcode 13.0";
			developmentRegion = en;
			hasScannedForEncodings = 0;
			knownRegions = (
				en,
				Base,
			);
			mainGroup = 46F9A0B628AF9C2600D43341;
			packageReferences = (
				462F46BD28AF9F0B00B5BA68 /* XCRemoteSwiftPackageReference "RxSwift" */,
				462F46E728AFA4A000B5BA68 /* XCRemoteSwiftPackageReference "ReactorKit" */,
				461087E728B1F6EE00616985 /* XCRemoteSwiftPackageReference "SnapKit" */,
				4630C80528B227770081EF94 /* XCRemoteSwiftPackageReference "IQKeyboardManager" */,
				B053B0B528B3555F008B751E /* XCRemoteSwiftPackageReference "RxFlow" */,
				B06F45E928B6FBB8000C3E2D /* XCRemoteSwiftPackageReference "RxGesture" */,
				B06F45EC28B6FBC5000C3E2D /* XCRemoteSwiftPackageReference "PanModal" */,
				B08C20EC28B848B5006B816F /* XCRemoteSwiftPackageReference "Then" */,
			);
			productRefGroup = 46F9A0C028AF9C2600D43341 /* Products */;
			projectDirPath = "";
			projectRoot = "";
			targets = (
				46F9A0BE28AF9C2600D43341 /* CloneBankSalad */,
				462F46C728AF9F3C00B5BA68 /* CloneBankSaladTests */,
				462F46D428AF9F4D00B5BA68 /* CloneBankSaladUITests */,
			);
		};
/* End PBXProject section */

/* Begin PBXResourcesBuildPhase section */
		462F46C628AF9F3C00B5BA68 /* Resources */ = {
			isa = PBXResourcesBuildPhase;
			buildActionMask = 2147483647;
			files = (
				B0E708DD28B5AEC000EEBA31 /* Pretendard-Bold.otf in Resources */,
				B0E708CB28B5AEC000EEBA31 /* Pretendard-ExtraLight.otf in Resources */,
				4610880628B211B600616985 /* NotoSansKR-Light.otf in Resources */,
				4610880028B211B500616985 /* NotoSansKR-Thin.otf in Resources */,
				B0E708DA28B5AEC000EEBA31 /* Pretendard-Thin.otf in Resources */,
				B0E708D428B5AEC000EEBA31 /* Pretendard-Light.otf in Resources */,
				B0E708CE28B5AEC000EEBA31 /* Pretendard-Medium.otf in Resources */,
				461087FA28B211B500616985 /* NotoSansKR-Medium.otf in Resources */,
				461087FD28B211B500616985 /* NotoSansKR-Bold.otf in Resources */,
				B0E708D128B5AEC000EEBA31 /* Pretendard-SemiBold.otf in Resources */,
				B0E708D728B5AEC000EEBA31 /* Pretendard-Regular.otf in Resources */,
				461087F728B211B500616985 /* NotoSansKR-Black.otf in Resources */,
				4610880328B211B600616985 /* NotoSansKR-Regular.otf in Resources */,
			);
			runOnlyForDeploymentPostprocessing = 0;
		};
		462F46D328AF9F4D00B5BA68 /* Resources */ = {
			isa = PBXResourcesBuildPhase;
			buildActionMask = 2147483647;
			files = (
				B0E708DE28B5AEC000EEBA31 /* Pretendard-Bold.otf in Resources */,
				B0E708CC28B5AEC000EEBA31 /* Pretendard-ExtraLight.otf in Resources */,
				4610880728B211B600616985 /* NotoSansKR-Light.otf in Resources */,
				4610880128B211B600616985 /* NotoSansKR-Thin.otf in Resources */,
				B0E708DB28B5AEC000EEBA31 /* Pretendard-Thin.otf in Resources */,
				B0E708D528B5AEC000EEBA31 /* Pretendard-Light.otf in Resources */,
				B0E708CF28B5AEC000EEBA31 /* Pretendard-Medium.otf in Resources */,
				461087FB28B211B500616985 /* NotoSansKR-Medium.otf in Resources */,
				461087FE28B211B500616985 /* NotoSansKR-Bold.otf in Resources */,
				B0E708D228B5AEC000EEBA31 /* Pretendard-SemiBold.otf in Resources */,
				B0E708D828B5AEC000EEBA31 /* Pretendard-Regular.otf in Resources */,
				461087F828B211B500616985 /* NotoSansKR-Black.otf in Resources */,
				4610880428B211B600616985 /* NotoSansKR-Regular.otf in Resources */,
			);
			runOnlyForDeploymentPostprocessing = 0;
		};
		46F9A0BD28AF9C2600D43341 /* Resources */ = {
			isa = PBXResourcesBuildPhase;
			buildActionMask = 2147483647;
			files = (
				B0E708D328B5AEC000EEBA31 /* Pretendard-Light.otf in Resources */,
				B0E708DC28B5AEC000EEBA31 /* Pretendard-Bold.otf in Resources */,
				46F9A0CF28AF9C2700D43341 /* LaunchScreen.storyboard in Resources */,
				461087FF28B211B500616985 /* NotoSansKR-Thin.otf in Resources */,
				B0E708CA28B5AEC000EEBA31 /* Pretendard-ExtraLight.otf in Resources */,
				B0E708D028B5AEC000EEBA31 /* Pretendard-SemiBold.otf in Resources */,
				46F9A0CC28AF9C2700D43341 /* Assets.xcassets in Resources */,
				B0E708D928B5AEC000EEBA31 /* Pretendard-Thin.otf in Resources */,
				461087F928B211B500616985 /* NotoSansKR-Medium.otf in Resources */,
				46F9A0CA28AF9C2600D43341 /* Main.storyboard in Resources */,
				461087FC28B211B500616985 /* NotoSansKR-Bold.otf in Resources */,
				4610880528B211B600616985 /* NotoSansKR-Light.otf in Resources */,
				4610880228B211B600616985 /* NotoSansKR-Regular.otf in Resources */,
				B0E708D628B5AEC000EEBA31 /* Pretendard-Regular.otf in Resources */,
				461087F628B211B500616985 /* NotoSansKR-Black.otf in Resources */,
				B0E708CD28B5AEC000EEBA31 /* Pretendard-Medium.otf in Resources */,
			);
			runOnlyForDeploymentPostprocessing = 0;
		};
/* End PBXResourcesBuildPhase section */

/* Begin PBXSourcesBuildPhase section */
		462F46C428AF9F3C00B5BA68 /* Sources */ = {
			isa = PBXSourcesBuildPhase;
			buildActionMask = 2147483647;
			files = (
				4610880D28B2134900616985 /* UIColor+Extension.swift in Sources */,
				4610881928B21C0700616985 /* Optional+Extension.swift in Sources */,
				462F46CB28AF9F3C00B5BA68 /* CloneBankSaladTests.swift in Sources */,
				4610881528B21BA400616985 /* NSAttributedString+Extension.swift in Sources */,
				462F46E628AFA28800B5BA68 /* IdentifyingUserViewControllerTests.swift in Sources */,
				4610881128B215B100616985 /* UIImage+Extension.swift in Sources */,
			);
			runOnlyForDeploymentPostprocessing = 0;
		};
		462F46D128AF9F4D00B5BA68 /* Sources */ = {
			isa = PBXSourcesBuildPhase;
			buildActionMask = 2147483647;
			files = (
				4610880E28B2134900616985 /* UIColor+Extension.swift in Sources */,
				4610881A28B21C0700616985 /* Optional+Extension.swift in Sources */,
				462F46DA28AF9F4D00B5BA68 /* CloneBankSaladUITestsLaunchTests.swift in Sources */,
				4610881628B21BA400616985 /* NSAttributedString+Extension.swift in Sources */,
				462F46D828AF9F4D00B5BA68 /* CloneBankSaladUITests.swift in Sources */,
				4610881228B215B100616985 /* UIImage+Extension.swift in Sources */,
			);
			runOnlyForDeploymentPostprocessing = 0;
		};
		46F9A0BB28AF9C2600D43341 /* Sources */ = {
			isa = PBXSourcesBuildPhase;
			buildActionMask = 2147483647;
			files = (
				B046A44628B46D8A001738DF /* PhoneNumberTextFieldView.swift in Sources */,
				B053B0B428B3551A008B751E /* AppFlow.swift in Sources */,
				4610881428B21BA400616985 /* NSAttributedString+Extension.swift in Sources */,
				B06F45F028B6FBD1000C3E2D /* UIView+Rx.swift in Sources */,
				4610880C28B2134900616985 /* UIColor+Extension.swift in Sources */,
				B046A44B28B473B7001738DF /* Common.swift in Sources */,
				B06F45F628B70D48000C3E2D /* NotificationName+Extension.swift in Sources */,
				461087ED28B2100500616985 /* UIFont+Extension.swift in Sources */,
				B08C210528B8B2C5006B816F /* UILabel+Extension.swift in Sources */,
				461087E628B1F59700616985 /* NameTextFieldView.swift in Sources */,
				4610881028B215B100616985 /* UIImage+Extension.swift in Sources */,
				B06F45F428B7014B000C3E2D /* CarrierCellView.swift in Sources */,
				B046A44828B470D4001738DF /* CarrierSelectionButtonView.swift in Sources */,
				B06F45F928B753C7000C3E2D /* Regex.swift in Sources */,
				B06F45F228B6FD32000C3E2D /* CarrierSelectionModalViewController.swift in Sources */,
				46F9A0C728AF9C2600D43341 /* ViewController.swift in Sources */,
				46F9A0C328AF9C2600D43341 /* AppDelegate.swift in Sources */,
				B053B0BB28B35BB3008B751E /* OnboardingFlow.swift in Sources */,
				4630C80C28B240120081EF94 /* UITextField+Rx.swift in Sources */,
				4610881828B21C0700616985 /* Optional+Extension.swift in Sources */,
				462F46E328AFA1D400B5BA68 /* IdentifyingUserViewController.swift in Sources */,
				4630C80A28B23A1C0081EF94 /* UIViewController+Rx.swift in Sources */,
				46F9A0C528AF9C2600D43341 /* SceneDelegate.swift in Sources */,
				B0D3C14728B35D5D009A2CD3 /* RegistrationNumberTextFieldView.swift in Sources */,
			);
			runOnlyForDeploymentPostprocessing = 0;
		};
/* End PBXSourcesBuildPhase section */

/* Begin PBXTargetDependency section */
		462F46CD28AF9F3C00B5BA68 /* PBXTargetDependency */ = {
			isa = PBXTargetDependency;
			target = 46F9A0BE28AF9C2600D43341 /* CloneBankSalad */;
			targetProxy = 462F46CC28AF9F3C00B5BA68 /* PBXContainerItemProxy */;
		};
		462F46DC28AF9F4D00B5BA68 /* PBXTargetDependency */ = {
			isa = PBXTargetDependency;
			target = 46F9A0BE28AF9C2600D43341 /* CloneBankSalad */;
			targetProxy = 462F46DB28AF9F4D00B5BA68 /* PBXContainerItemProxy */;
		};
/* End PBXTargetDependency section */

/* Begin PBXVariantGroup section */
		46F9A0C828AF9C2600D43341 /* Main.storyboard */ = {
			isa = PBXVariantGroup;
			children = (
				46F9A0C928AF9C2600D43341 /* Base */,
			);
			name = Main.storyboard;
			sourceTree = "<group>";
		};
		46F9A0CD28AF9C2700D43341 /* LaunchScreen.storyboard */ = {
			isa = PBXVariantGroup;
			children = (
				46F9A0CE28AF9C2700D43341 /* Base */,
			);
			name = LaunchScreen.storyboard;
			sourceTree = "<group>";
		};
/* End PBXVariantGroup section */

/* Begin XCBuildConfiguration section */
		462F46CF28AF9F3C00B5BA68 /* Debug */ = {
			isa = XCBuildConfiguration;
			buildSettings = {
				BUNDLE_LOADER = "$(TEST_HOST)";
				CODE_SIGN_STYLE = Automatic;
				CURRENT_PROJECT_VERSION = 1;
				GENERATE_INFOPLIST_FILE = YES;
				MARKETING_VERSION = 1.0;
				PRODUCT_BUNDLE_IDENTIFIER = me.codecamper.CloneBankSaladTests;
				PRODUCT_NAME = "$(TARGET_NAME)";
				SWIFT_EMIT_LOC_STRINGS = NO;
				SWIFT_VERSION = 5.0;
				TARGETED_DEVICE_FAMILY = "1,2";
				TEST_HOST = "$(BUILT_PRODUCTS_DIR)/CloneBankSalad.app/CloneBankSalad";
			};
			name = Debug;
		};
		462F46D028AF9F3C00B5BA68 /* Release */ = {
			isa = XCBuildConfiguration;
			buildSettings = {
				BUNDLE_LOADER = "$(TEST_HOST)";
				CODE_SIGN_STYLE = Automatic;
				CURRENT_PROJECT_VERSION = 1;
				GENERATE_INFOPLIST_FILE = YES;
				MARKETING_VERSION = 1.0;
				PRODUCT_BUNDLE_IDENTIFIER = me.codecamper.CloneBankSaladTests;
				PRODUCT_NAME = "$(TARGET_NAME)";
				SWIFT_EMIT_LOC_STRINGS = NO;
				SWIFT_VERSION = 5.0;
				TARGETED_DEVICE_FAMILY = "1,2";
				TEST_HOST = "$(BUILT_PRODUCTS_DIR)/CloneBankSalad.app/CloneBankSalad";
			};
			name = Release;
		};
		462F46DE28AF9F4D00B5BA68 /* Debug */ = {
			isa = XCBuildConfiguration;
			buildSettings = {
				CODE_SIGN_STYLE = Automatic;
				CURRENT_PROJECT_VERSION = 1;
				GENERATE_INFOPLIST_FILE = YES;
				MARKETING_VERSION = 1.0;
				PRODUCT_BUNDLE_IDENTIFIER = me.codecamper.CloneBankSaladUITests;
				PRODUCT_NAME = "$(TARGET_NAME)";
				SWIFT_EMIT_LOC_STRINGS = NO;
				SWIFT_VERSION = 5.0;
				TARGETED_DEVICE_FAMILY = "1,2";
				TEST_TARGET_NAME = CloneBankSalad;
			};
			name = Debug;
		};
		462F46DF28AF9F4D00B5BA68 /* Release */ = {
			isa = XCBuildConfiguration;
			buildSettings = {
				CODE_SIGN_STYLE = Automatic;
				CURRENT_PROJECT_VERSION = 1;
				GENERATE_INFOPLIST_FILE = YES;
				MARKETING_VERSION = 1.0;
				PRODUCT_BUNDLE_IDENTIFIER = me.codecamper.CloneBankSaladUITests;
				PRODUCT_NAME = "$(TARGET_NAME)";
				SWIFT_EMIT_LOC_STRINGS = NO;
				SWIFT_VERSION = 5.0;
				TARGETED_DEVICE_FAMILY = "1,2";
				TEST_TARGET_NAME = CloneBankSalad;
			};
			name = Release;
		};
		46F9A0D128AF9C2700D43341 /* Debug */ = {
			isa = XCBuildConfiguration;
			buildSettings = {
				ALWAYS_SEARCH_USER_PATHS = NO;
				CLANG_ANALYZER_NONNULL = YES;
				CLANG_ANALYZER_NUMBER_OBJECT_CONVERSION = YES_AGGRESSIVE;
				CLANG_CXX_LANGUAGE_STANDARD = "gnu++17";
				CLANG_ENABLE_MODULES = YES;
				CLANG_ENABLE_OBJC_ARC = YES;
				CLANG_ENABLE_OBJC_WEAK = YES;
				CLANG_WARN_BLOCK_CAPTURE_AUTORELEASING = YES;
				CLANG_WARN_BOOL_CONVERSION = YES;
				CLANG_WARN_COMMA = YES;
				CLANG_WARN_CONSTANT_CONVERSION = YES;
				CLANG_WARN_DEPRECATED_OBJC_IMPLEMENTATIONS = YES;
				CLANG_WARN_DIRECT_OBJC_ISA_USAGE = YES_ERROR;
				CLANG_WARN_DOCUMENTATION_COMMENTS = YES;
				CLANG_WARN_EMPTY_BODY = YES;
				CLANG_WARN_ENUM_CONVERSION = YES;
				CLANG_WARN_INFINITE_RECURSION = YES;
				CLANG_WARN_INT_CONVERSION = YES;
				CLANG_WARN_NON_LITERAL_NULL_CONVERSION = YES;
				CLANG_WARN_OBJC_IMPLICIT_RETAIN_SELF = YES;
				CLANG_WARN_OBJC_LITERAL_CONVERSION = YES;
				CLANG_WARN_OBJC_ROOT_CLASS = YES_ERROR;
				CLANG_WARN_QUOTED_INCLUDE_IN_FRAMEWORK_HEADER = YES;
				CLANG_WARN_RANGE_LOOP_ANALYSIS = YES;
				CLANG_WARN_STRICT_PROTOTYPES = YES;
				CLANG_WARN_SUSPICIOUS_MOVE = YES;
				CLANG_WARN_UNGUARDED_AVAILABILITY = YES_AGGRESSIVE;
				CLANG_WARN_UNREACHABLE_CODE = YES;
				CLANG_WARN__DUPLICATE_METHOD_MATCH = YES;
				COPY_PHASE_STRIP = NO;
				DEBUG_INFORMATION_FORMAT = dwarf;
				ENABLE_STRICT_OBJC_MSGSEND = YES;
				ENABLE_TESTABILITY = YES;
				GCC_C_LANGUAGE_STANDARD = gnu11;
				GCC_DYNAMIC_NO_PIC = NO;
				GCC_NO_COMMON_BLOCKS = YES;
				GCC_OPTIMIZATION_LEVEL = 0;
				GCC_PREPROCESSOR_DEFINITIONS = (
					"DEBUG=1",
					"$(inherited)",
				);
				GCC_WARN_64_TO_32_BIT_CONVERSION = YES;
				GCC_WARN_ABOUT_RETURN_TYPE = YES_ERROR;
				GCC_WARN_UNDECLARED_SELECTOR = YES;
				GCC_WARN_UNINITIALIZED_AUTOS = YES_AGGRESSIVE;
				GCC_WARN_UNUSED_FUNCTION = YES;
				GCC_WARN_UNUSED_VARIABLE = YES;
				IPHONEOS_DEPLOYMENT_TARGET = 15.5;
				MTL_ENABLE_DEBUG_INFO = INCLUDE_SOURCE;
				MTL_FAST_MATH = YES;
				ONLY_ACTIVE_ARCH = YES;
				SDKROOT = iphoneos;
				SWIFT_ACTIVE_COMPILATION_CONDITIONS = DEBUG;
				SWIFT_OPTIMIZATION_LEVEL = "-Onone";
			};
			name = Debug;
		};
		46F9A0D228AF9C2700D43341 /* Release */ = {
			isa = XCBuildConfiguration;
			buildSettings = {
				ALWAYS_SEARCH_USER_PATHS = NO;
				CLANG_ANALYZER_NONNULL = YES;
				CLANG_ANALYZER_NUMBER_OBJECT_CONVERSION = YES_AGGRESSIVE;
				CLANG_CXX_LANGUAGE_STANDARD = "gnu++17";
				CLANG_ENABLE_MODULES = YES;
				CLANG_ENABLE_OBJC_ARC = YES;
				CLANG_ENABLE_OBJC_WEAK = YES;
				CLANG_WARN_BLOCK_CAPTURE_AUTORELEASING = YES;
				CLANG_WARN_BOOL_CONVERSION = YES;
				CLANG_WARN_COMMA = YES;
				CLANG_WARN_CONSTANT_CONVERSION = YES;
				CLANG_WARN_DEPRECATED_OBJC_IMPLEMENTATIONS = YES;
				CLANG_WARN_DIRECT_OBJC_ISA_USAGE = YES_ERROR;
				CLANG_WARN_DOCUMENTATION_COMMENTS = YES;
				CLANG_WARN_EMPTY_BODY = YES;
				CLANG_WARN_ENUM_CONVERSION = YES;
				CLANG_WARN_INFINITE_RECURSION = YES;
				CLANG_WARN_INT_CONVERSION = YES;
				CLANG_WARN_NON_LITERAL_NULL_CONVERSION = YES;
				CLANG_WARN_OBJC_IMPLICIT_RETAIN_SELF = YES;
				CLANG_WARN_OBJC_LITERAL_CONVERSION = YES;
				CLANG_WARN_OBJC_ROOT_CLASS = YES_ERROR;
				CLANG_WARN_QUOTED_INCLUDE_IN_FRAMEWORK_HEADER = YES;
				CLANG_WARN_RANGE_LOOP_ANALYSIS = YES;
				CLANG_WARN_STRICT_PROTOTYPES = YES;
				CLANG_WARN_SUSPICIOUS_MOVE = YES;
				CLANG_WARN_UNGUARDED_AVAILABILITY = YES_AGGRESSIVE;
				CLANG_WARN_UNREACHABLE_CODE = YES;
				CLANG_WARN__DUPLICATE_METHOD_MATCH = YES;
				COPY_PHASE_STRIP = NO;
				DEBUG_INFORMATION_FORMAT = "dwarf-with-dsym";
				ENABLE_NS_ASSERTIONS = NO;
				ENABLE_STRICT_OBJC_MSGSEND = YES;
				GCC_C_LANGUAGE_STANDARD = gnu11;
				GCC_NO_COMMON_BLOCKS = YES;
				GCC_WARN_64_TO_32_BIT_CONVERSION = YES;
				GCC_WARN_ABOUT_RETURN_TYPE = YES_ERROR;
				GCC_WARN_UNDECLARED_SELECTOR = YES;
				GCC_WARN_UNINITIALIZED_AUTOS = YES_AGGRESSIVE;
				GCC_WARN_UNUSED_FUNCTION = YES;
				GCC_WARN_UNUSED_VARIABLE = YES;
				IPHONEOS_DEPLOYMENT_TARGET = 15.5;
				MTL_ENABLE_DEBUG_INFO = NO;
				MTL_FAST_MATH = YES;
				SDKROOT = iphoneos;
				SWIFT_COMPILATION_MODE = wholemodule;
				SWIFT_OPTIMIZATION_LEVEL = "-O";
				VALIDATE_PRODUCT = YES;
			};
			name = Release;
		};
		46F9A0D428AF9C2700D43341 /* Debug */ = {
			isa = XCBuildConfiguration;
			buildSettings = {
				ASSETCATALOG_COMPILER_APPICON_NAME = AppIcon;
				ASSETCATALOG_COMPILER_GLOBAL_ACCENT_COLOR_NAME = AccentColor;
				CODE_SIGN_STYLE = Automatic;
				CURRENT_PROJECT_VERSION = 1;
				DEVELOPMENT_TEAM = U9B2QVCTVS;
				GENERATE_INFOPLIST_FILE = YES;
				INFOPLIST_FILE = CloneBankSalad/Info.plist;
				INFOPLIST_KEY_UIApplicationSupportsIndirectInputEvents = YES;
				INFOPLIST_KEY_UILaunchStoryboardName = LaunchScreen;
				INFOPLIST_KEY_UIMainStoryboardFile = Main;
				INFOPLIST_KEY_UISupportedInterfaceOrientations_iPad = "UIInterfaceOrientationPortrait UIInterfaceOrientationPortraitUpsideDown UIInterfaceOrientationLandscapeLeft UIInterfaceOrientationLandscapeRight";
				INFOPLIST_KEY_UISupportedInterfaceOrientations_iPhone = "UIInterfaceOrientationPortrait UIInterfaceOrientationLandscapeLeft UIInterfaceOrientationLandscapeRight";
				LD_RUNPATH_SEARCH_PATHS = (
					"$(inherited)",
					"@executable_path/Frameworks",
				);
				MARKETING_VERSION = 1.0;
				PRODUCT_BUNDLE_IDENTIFIER = me.codecamper.CloneBankSalad;
				PRODUCT_NAME = "$(TARGET_NAME)";
				SWIFT_EMIT_LOC_STRINGS = YES;
				SWIFT_VERSION = 5.0;
				TARGETED_DEVICE_FAMILY = 1;
			};
			name = Debug;
		};
		46F9A0D528AF9C2700D43341 /* Release */ = {
			isa = XCBuildConfiguration;
			buildSettings = {
				ASSETCATALOG_COMPILER_APPICON_NAME = AppIcon;
				ASSETCATALOG_COMPILER_GLOBAL_ACCENT_COLOR_NAME = AccentColor;
				CODE_SIGN_STYLE = Automatic;
				CURRENT_PROJECT_VERSION = 1;
				DEVELOPMENT_TEAM = U9B2QVCTVS;
				GENERATE_INFOPLIST_FILE = YES;
				INFOPLIST_FILE = CloneBankSalad/Info.plist;
				INFOPLIST_KEY_UIApplicationSupportsIndirectInputEvents = YES;
				INFOPLIST_KEY_UILaunchStoryboardName = LaunchScreen;
				INFOPLIST_KEY_UIMainStoryboardFile = Main;
				INFOPLIST_KEY_UISupportedInterfaceOrientations_iPad = "UIInterfaceOrientationPortrait UIInterfaceOrientationPortraitUpsideDown UIInterfaceOrientationLandscapeLeft UIInterfaceOrientationLandscapeRight";
				INFOPLIST_KEY_UISupportedInterfaceOrientations_iPhone = "UIInterfaceOrientationPortrait UIInterfaceOrientationLandscapeLeft UIInterfaceOrientationLandscapeRight";
				LD_RUNPATH_SEARCH_PATHS = (
					"$(inherited)",
					"@executable_path/Frameworks",
				);
				MARKETING_VERSION = 1.0;
				PRODUCT_BUNDLE_IDENTIFIER = me.codecamper.CloneBankSalad;
				PRODUCT_NAME = "$(TARGET_NAME)";
				SWIFT_EMIT_LOC_STRINGS = YES;
				SWIFT_VERSION = 5.0;
				TARGETED_DEVICE_FAMILY = 1;
			};
			name = Release;
		};
/* End XCBuildConfiguration section */

/* Begin XCConfigurationList section */
		462F46CE28AF9F3C00B5BA68 /* Build configuration list for PBXNativeTarget "CloneBankSaladTests" */ = {
			isa = XCConfigurationList;
			buildConfigurations = (
				462F46CF28AF9F3C00B5BA68 /* Debug */,
				462F46D028AF9F3C00B5BA68 /* Release */,
			);
			defaultConfigurationIsVisible = 0;
			defaultConfigurationName = Release;
		};
		462F46DD28AF9F4D00B5BA68 /* Build configuration list for PBXNativeTarget "CloneBankSaladUITests" */ = {
			isa = XCConfigurationList;
			buildConfigurations = (
				462F46DE28AF9F4D00B5BA68 /* Debug */,
				462F46DF28AF9F4D00B5BA68 /* Release */,
			);
			defaultConfigurationIsVisible = 0;
			defaultConfigurationName = Release;
		};
		46F9A0BA28AF9C2600D43341 /* Build configuration list for PBXProject "CloneBankSalad" */ = {
			isa = XCConfigurationList;
			buildConfigurations = (
				46F9A0D128AF9C2700D43341 /* Debug */,
				46F9A0D228AF9C2700D43341 /* Release */,
			);
			defaultConfigurationIsVisible = 0;
			defaultConfigurationName = Release;
		};
		46F9A0D328AF9C2700D43341 /* Build configuration list for PBXNativeTarget "CloneBankSalad" */ = {
			isa = XCConfigurationList;
			buildConfigurations = (
				46F9A0D428AF9C2700D43341 /* Debug */,
				46F9A0D528AF9C2700D43341 /* Release */,
			);
			defaultConfigurationIsVisible = 0;
			defaultConfigurationName = Release;
		};
/* End XCConfigurationList section */

/* Begin XCRemoteSwiftPackageReference section */
		461087E728B1F6EE00616985 /* XCRemoteSwiftPackageReference "SnapKit" */ = {
			isa = XCRemoteSwiftPackageReference;
			repositoryURL = "https://github.com/SnapKit/SnapKit.git";
			requirement = {
				kind = upToNextMajorVersion;
				minimumVersion = 5.0.0;
			};
		};
		462F46BD28AF9F0B00B5BA68 /* XCRemoteSwiftPackageReference "RxSwift" */ = {
			isa = XCRemoteSwiftPackageReference;
			repositoryURL = "https://github.com/ReactiveX/RxSwift.git";
			requirement = {
				kind = upToNextMajorVersion;
				minimumVersion = 6.0.0;
			};
		};
		462F46E728AFA4A000B5BA68 /* XCRemoteSwiftPackageReference "ReactorKit" */ = {
			isa = XCRemoteSwiftPackageReference;
			repositoryURL = "https://github.com/ReactorKit/ReactorKit.git";
			requirement = {
				kind = upToNextMajorVersion;
				minimumVersion = 3.0.0;
			};
		};
		4630C80528B227770081EF94 /* XCRemoteSwiftPackageReference "IQKeyboardManager" */ = {
			isa = XCRemoteSwiftPackageReference;
			repositoryURL = "https://github.com/hackiftekhar/IQKeyboardManager.git";
			requirement = {
				kind = upToNextMajorVersion;
				minimumVersion = 6.5.0;
			};
		};
		B053B0B528B3555F008B751E /* XCRemoteSwiftPackageReference "RxFlow" */ = {
			isa = XCRemoteSwiftPackageReference;
			repositoryURL = "https://github.com/RxSwiftCommunity/RxFlow.git";
			requirement = {
				kind = upToNextMajorVersion;
				minimumVersion = 2.0.0;
			};
		};
		B06F45E928B6FBB8000C3E2D /* XCRemoteSwiftPackageReference "RxGesture" */ = {
			isa = XCRemoteSwiftPackageReference;
			repositoryURL = "https://github.com/RxSwiftCommunity/RxGesture.git";
			requirement = {
				kind = upToNextMajorVersion;
				minimumVersion = 4.0.0;
			};
		};
		B06F45EC28B6FBC5000C3E2D /* XCRemoteSwiftPackageReference "PanModal" */ = {
			isa = XCRemoteSwiftPackageReference;
			repositoryURL = "https://github.com/slackhq/PanModal.git";
			requirement = {
				kind = upToNextMajorVersion;
				minimumVersion = 1.0.0;
			};
		};
		B08C20EC28B848B5006B816F /* XCRemoteSwiftPackageReference "Then" */ = {
			isa = XCRemoteSwiftPackageReference;
			repositoryURL = "https://github.com/devxoul/Then.git";
			requirement = {
				kind = upToNextMajorVersion;
				minimumVersion = 3.0.0;
			};
		};
/* End XCRemoteSwiftPackageReference section */

/* Begin XCSwiftPackageProductDependency section */
		461087E828B1F6EE00616985 /* SnapKit */ = {
			isa = XCSwiftPackageProductDependency;
			package = 461087E728B1F6EE00616985 /* XCRemoteSwiftPackageReference "SnapKit" */;
			productName = SnapKit;
		};
		462F46BE28AF9F0B00B5BA68 /* RxCocoa */ = {
			isa = XCSwiftPackageProductDependency;
			package = 462F46BD28AF9F0B00B5BA68 /* XCRemoteSwiftPackageReference "RxSwift" */;
			productName = RxCocoa;
		};
		462F46C028AF9F0B00B5BA68 /* RxRelay */ = {
			isa = XCSwiftPackageProductDependency;
			package = 462F46BD28AF9F0B00B5BA68 /* XCRemoteSwiftPackageReference "RxSwift" */;
			productName = RxRelay;
		};
		462F46C228AF9F0B00B5BA68 /* RxSwift */ = {
			isa = XCSwiftPackageProductDependency;
			package = 462F46BD28AF9F0B00B5BA68 /* XCRemoteSwiftPackageReference "RxSwift" */;
			productName = RxSwift;
		};
		462F46E828AFA4A000B5BA68 /* ReactorKit */ = {
			isa = XCSwiftPackageProductDependency;
			package = 462F46E728AFA4A000B5BA68 /* XCRemoteSwiftPackageReference "ReactorKit" */;
			productName = ReactorKit;
		};
		4630C80628B227770081EF94 /* IQKeyboardManagerSwift */ = {
			isa = XCSwiftPackageProductDependency;
			package = 4630C80528B227770081EF94 /* XCRemoteSwiftPackageReference "IQKeyboardManager" */;
			productName = IQKeyboardManagerSwift;
		};
		B053B0B628B3555F008B751E /* RxFlow */ = {
			isa = XCSwiftPackageProductDependency;
			package = B053B0B528B3555F008B751E /* XCRemoteSwiftPackageReference "RxFlow" */;
			productName = RxFlow;
		};
		B06F45EA28B6FBB8000C3E2D /* RxGesture */ = {
			isa = XCSwiftPackageProductDependency;
			package = B06F45E928B6FBB8000C3E2D /* XCRemoteSwiftPackageReference "RxGesture" */;
			productName = RxGesture;
		};
		B06F45ED28B6FBC5000C3E2D /* PanModal */ = {
			isa = XCSwiftPackageProductDependency;
			package = B06F45EC28B6FBC5000C3E2D /* XCRemoteSwiftPackageReference "PanModal" */;
			productName = PanModal;
		};
		B08C20ED28B848B5006B816F /* Then */ = {
			isa = XCSwiftPackageProductDependency;
			package = B08C20EC28B848B5006B816F /* XCRemoteSwiftPackageReference "Then" */;
			productName = Then;
		};
/* End XCSwiftPackageProductDependency section */
	};
	rootObject = 46F9A0B728AF9C2600D43341 /* Project object */;
}
