// !$*UTF8*$!
{
	archiveVersion = 1;
	classes = {
	};
	objectVersion = 55;
	objects = {

/* Begin PBXBuildFile section */
		462F46BF28AF9F0B00B5BA68 /* RxCocoa in Frameworks */ = {isa = PBXBuildFile; productRef = 462F46BE28AF9F0B00B5BA68 /* RxCocoa */; };
		462F46C128AF9F0B00B5BA68 /* RxRelay in Frameworks */ = {isa = PBXBuildFile; productRef = 462F46C028AF9F0B00B5BA68 /* RxRelay */; };
		462F46C328AF9F0B00B5BA68 /* RxSwift in Frameworks */ = {isa = PBXBuildFile; productRef = 462F46C228AF9F0B00B5BA68 /* RxSwift */; };
		462F46CB28AF9F3C00B5BA68 /* CloneBankSaladTests.swift in Sources */ = {isa = PBXBuildFile; fileRef = 462F46CA28AF9F3C00B5BA68 /* CloneBankSaladTests.swift */; };
		462F46D828AF9F4D00B5BA68 /* CloneBankSaladUITests.swift in Sources */ = {isa = PBXBuildFile; fileRef = 462F46D728AF9F4D00B5BA68 /* CloneBankSaladUITests.swift */; };
		462F46DA28AF9F4D00B5BA68 /* CloneBankSaladUITestsLaunchTests.swift in Sources */ = {isa = PBXBuildFile; fileRef = 462F46D928AF9F4D00B5BA68 /* CloneBankSaladUITestsLaunchTests.swift */; };
		46F9A0C328AF9C2600D43341 /* AppDelegate.swift in Sources */ = {isa = PBXBuildFile; fileRef = 46F9A0C228AF9C2600D43341 /* AppDelegate.swift */; };
		46F9A0C528AF9C2600D43341 /* SceneDelegate.swift in Sources */ = {isa = PBXBuildFile; fileRef = 46F9A0C428AF9C2600D43341 /* SceneDelegate.swift */; };
		46F9A0C728AF9C2600D43341 /* ViewController.swift in Sources */ = {isa = PBXBuildFile; fileRef = 46F9A0C628AF9C2600D43341 /* ViewController.swift */; };
		46F9A0CA28AF9C2600D43341 /* Main.storyboard in Resources */ = {isa = PBXBuildFile; fileRef = 46F9A0C828AF9C2600D43341 /* Main.storyboard */; };
		46F9A0CC28AF9C2700D43341 /* Assets.xcassets in Resources */ = {isa = PBXBuildFile; fileRef = 46F9A0CB28AF9C2700D43341 /* Assets.xcassets */; };
		46F9A0CF28AF9C2700D43341 /* LaunchScreen.storyboard in Resources */ = {isa = PBXBuildFile; fileRef = 46F9A0CD28AF9C2700D43341 /* LaunchScreen.storyboard */; };
/* End PBXBuildFile section */

/* Begin PBXContainerItemProxy section */
		462F46CC28AF9F3C00B5BA68 /* PBXContainerItemProxy */ = {
			isa = PBXContainerItemProxy;
			containerPortal = 46F9A0B728AF9C2600D43341 /* Project object */;
			proxyType = 1;
			remoteGlobalIDString = 46F9A0BE28AF9C2600D43341;
			remoteInfo = CloneBankSalad;
		};
		462F46DB28AF9F4D00B5BA68 /* PBXContainerItemProxy */ = {
			isa = PBXContainerItemProxy;
			containerPortal = 46F9A0B728AF9C2600D43341 /* Project object */;
			proxyType = 1;
			remoteGlobalIDString = 46F9A0BE28AF9C2600D43341;
			remoteInfo = CloneBankSalad;
		};
/* End PBXContainerItemProxy section */

/* Begin PBXFileReference section */
		462F46C828AF9F3C00B5BA68 /* CloneBankSaladTests.xctest */ = {isa = PBXFileReference; explicitFileType = wrapper.cfbundle; includeInIndex = 0; path = CloneBankSaladTests.xctest; sourceTree = BUILT_PRODUCTS_DIR; };
		462F46CA28AF9F3C00B5BA68 /* CloneBankSaladTests.swift */ = {isa = PBXFileReference; lastKnownFileType = sourcecode.swift; path = CloneBankSaladTests.swift; sourceTree = "<group>"; };
		462F46D528AF9F4D00B5BA68 /* CloneBankSaladUITests.xctest */ = {isa = PBXFileReference; explicitFileType = wrapper.cfbundle; includeInIndex = 0; path = CloneBankSaladUITests.xctest; sourceTree = BUILT_PRODUCTS_DIR; };
		462F46D728AF9F4D00B5BA68 /* CloneBankSaladUITests.swift */ = {isa = PBXFileReference; lastKnownFileType = sourcecode.swift; path = CloneBankSaladUITests.swift; sourceTree = "<group>"; };
		462F46D928AF9F4D00B5BA68 /* CloneBankSaladUITestsLaunchTests.swift */ = {isa = PBXFileReference; lastKnownFileType = sourcecode.swift; path = CloneBankSaladUITestsLaunchTests.swift; sourceTree = "<group>"; };
		46F9A0BF28AF9C2600D43341 /* CloneBankSalad.app */ = {isa = PBXFileReference; explicitFileType = wrapper.application; includeInIndex = 0; path = CloneBankSalad.app; sourceTree = BUILT_PRODUCTS_DIR; };
		46F9A0C228AF9C2600D43341 /* AppDelegate.swift */ = {isa = PBXFileReference; lastKnownFileType = sourcecode.swift; path = AppDelegate.swift; sourceTree = "<group>"; };
		46F9A0C428AF9C2600D43341 /* SceneDelegate.swift */ = {isa = PBXFileReference; lastKnownFileType = sourcecode.swift; path = SceneDelegate.swift; sourceTree = "<group>"; };
		46F9A0C628AF9C2600D43341 /* ViewController.swift */ = {isa = PBXFileReference; lastKnownFileType = sourcecode.swift; path = ViewController.swift; sourceTree = "<group>"; };
		46F9A0C928AF9C2600D43341 /* Base */ = {isa = PBXFileReference; lastKnownFileType = file.storyboard; name = Base; path = Base.lproj/Main.storyboard; sourceTree = "<group>"; };
		46F9A0CB28AF9C2700D43341 /* Assets.xcassets */ = {isa = PBXFileReference; lastKnownFileType = folder.assetcatalog; path = Assets.xcassets; sourceTree = "<group>"; };
		46F9A0CE28AF9C2700D43341 /* Base */ = {isa = PBXFileReference; lastKnownFileType = file.storyboard; name = Base; path = Base.lproj/LaunchScreen.storyboard; sourceTree = "<group>"; };
		46F9A0D028AF9C2700D43341 /* Info.plist */ = {isa = PBXFileReference; lastKnownFileType = text.plist.xml; path = Info.plist; sourceTree = "<group>"; };
/* End PBXFileReference section */

/* Begin PBXFrameworksBuildPhase section */
		462F46C528AF9F3C00B5BA68 /* Frameworks */ = {
			isa = PBXFrameworksBuildPhase;
			buildActionMask = 2147483647;
			files = (
			);
			runOnlyForDeploymentPostprocessing = 0;
		};
		462F46D228AF9F4D00B5BA68 /* Frameworks */ = {
			isa = PBXFrameworksBuildPhase;
			buildActionMask = 2147483647;
			files = (
			);
			runOnlyForDeploymentPostprocessing = 0;
		};
		46F9A0BC28AF9C2600D43341 /* Frameworks */ = {
			isa = PBXFrameworksBuildPhase;
			buildActionMask = 2147483647;
			files = (
				462F46C328AF9F0B00B5BA68 /* RxSwift in Frameworks */,
				462F46C128AF9F0B00B5BA68 /* RxRelay in Frameworks */,
				462F46BF28AF9F0B00B5BA68 /* RxCocoa in Frameworks */,
			);
			runOnlyForDeploymentPostprocessing = 0;
		};
/* End PBXFrameworksBuildPhase section */

/* Begin PBXGroup section */
		462F46C928AF9F3C00B5BA68 /* CloneBankSaladTests */ = {
			isa = PBXGroup;
			children = (
				462F46CA28AF9F3C00B5BA68 /* CloneBankSaladTests.swift */,
			);
			path = CloneBankSaladTests;
			sourceTree = "<group>";
		};
		462F46D628AF9F4D00B5BA68 /* CloneBankSaladUITests */ = {
			isa = PBXGroup;
			children = (
				462F46D728AF9F4D00B5BA68 /* CloneBankSaladUITests.swift */,
				462F46D928AF9F4D00B5BA68 /* CloneBankSaladUITestsLaunchTests.swift */,
			);
			path = CloneBankSaladUITests;
			sourceTree = "<group>";
		};
		46F9A0B628AF9C2600D43341 = {
			isa = PBXGroup;
			children = (
				46F9A0C128AF9C2600D43341 /* CloneBankSalad */,
				462F46C928AF9F3C00B5BA68 /* CloneBankSaladTests */,
				462F46D628AF9F4D00B5BA68 /* CloneBankSaladUITests */,
				46F9A0C028AF9C2600D43341 /* Products */,
			);
			sourceTree = "<group>";
		};
		46F9A0C028AF9C2600D43341 /* Products */ = {
			isa = PBXGroup;
			children = (
				46F9A0BF28AF9C2600D43341 /* CloneBankSalad.app */,
				462F46C828AF9F3C00B5BA68 /* CloneBankSaladTests.xctest */,
				462F46D528AF9F4D00B5BA68 /* CloneBankSaladUITests.xctest */,
			);
			name = Products;
			sourceTree = "<group>";
		};
		46F9A0C128AF9C2600D43341 /* CloneBankSalad */ = {
			isa = PBXGroup;
			children = (
				46F9A0C228AF9C2600D43341 /* AppDelegate.swift */,
				46F9A0C428AF9C2600D43341 /* SceneDelegate.swift */,
				46F9A0C628AF9C2600D43341 /* ViewController.swift */,
				46F9A0C828AF9C2600D43341 /* Main.storyboard */,
				46F9A0CB28AF9C2700D43341 /* Assets.xcassets */,
				46F9A0CD28AF9C2700D43341 /* LaunchScreen.storyboard */,
				46F9A0D028AF9C2700D43341 /* Info.plist */,
			);
			path = CloneBankSalad;
			sourceTree = "<group>";
		};
/* End PBXGroup section */

/* Begin PBXNativeTarget section */
		462F46C728AF9F3C00B5BA68 /* CloneBankSaladTests */ = {
			isa = PBXNativeTarget;
			buildConfigurationList = 462F46CE28AF9F3C00B5BA68 /* Build configuration list for PBXNativeTarget "CloneBankSaladTests" */;
			buildPhases = (
				462F46C428AF9F3C00B5BA68 /* Sources */,
				462F46C528AF9F3C00B5BA68 /* Frameworks */,
				462F46C628AF9F3C00B5BA68 /* Resources */,
			);
			buildRules = (
			);
			dependencies = (
				462F46CD28AF9F3C00B5BA68 /* PBXTargetDependency */,
			);
			name = CloneBankSaladTests;
			productName = CloneBankSaladTests;
			productReference = 462F46C828AF9F3C00B5BA68 /* CloneBankSaladTests.xctest */;
			productType = "com.apple.product-type.bundle.unit-test";
		};
		462F46D428AF9F4D00B5BA68 /* CloneBankSaladUITests */ = {
			isa = PBXNativeTarget;
			buildConfigurationList = 462F46DD28AF9F4D00B5BA68 /* Build configuration list for PBXNativeTarget "CloneBankSaladUITests" */;
			buildPhases = (
				462F46D128AF9F4D00B5BA68 /* Sources */,
				462F46D228AF9F4D00B5BA68 /* Frameworks */,
				462F46D328AF9F4D00B5BA68 /* Resources */,
			);
			buildRules = (
			);
			dependencies = (
				462F46DC28AF9F4D00B5BA68 /* PBXTargetDependency */,
			);
			name = CloneBankSaladUITests;
			productName = CloneBankSaladUITests;
			productReference = 462F46D528AF9F4D00B5BA68 /* CloneBankSaladUITests.xctest */;
			productType = "com.apple.product-type.bundle.ui-testing";
		};
		46F9A0BE28AF9C2600D43341 /* CloneBankSalad */ = {
			isa = PBXNativeTarget;
			buildConfigurationList = 46F9A0D328AF9C2700D43341 /* Build configuration list for PBXNativeTarget "CloneBankSalad" */;
			buildPhases = (
				46F9A0BB28AF9C2600D43341 /* Sources */,
				46F9A0BC28AF9C2600D43341 /* Frameworks */,
				46F9A0BD28AF9C2600D43341 /* Resources */,
			);
			buildRules = (
			);
			dependencies = (
			);
			name = CloneBankSalad;
			packageProductDependencies = (
				462F46BE28AF9F0B00B5BA68 /* RxCocoa */,
				462F46C028AF9F0B00B5BA68 /* RxRelay */,
				462F46C228AF9F0B00B5BA68 /* RxSwift */,
			);
			productName = CloneBankSalad;
			productReference = 46F9A0BF28AF9C2600D43341 /* CloneBankSalad.app */;
			productType = "com.apple.product-type.application";
		};
/* End PBXNativeTarget section */

/* Begin PBXProject section */
		46F9A0B728AF9C2600D43341 /* Project object */ = {
			isa = PBXProject;
			attributes = {
				BuildIndependentTargetsInParallel = 1;
				LastSwiftUpdateCheck = 1340;
				LastUpgradeCheck = 1340;
				TargetAttributes = {
					462F46C728AF9F3C00B5BA68 = {
						CreatedOnToolsVersion = 13.4.1;
						TestTargetID = 46F9A0BE28AF9C2600D43341;
					};
					462F46D428AF9F4D00B5BA68 = {
						CreatedOnToolsVersion = 13.4.1;
						TestTargetID = 46F9A0BE28AF9C2600D43341;
					};
					46F9A0BE28AF9C2600D43341 = {
						CreatedOnToolsVersion = 13.4.1;
					};
				};
			};
			buildConfigurationList = 46F9A0BA28AF9C2600D43341 /* Build configuration list for PBXProject "CloneBankSalad" */;
			compatibilityVersion = "Xcode 13.0";
			developmentRegion = en;
			hasScannedForEncodings = 0;
			knownRegions = (
				en,
				Base,
			);
			mainGroup = 46F9A0B628AF9C2600D43341;
			packageReferences = (
				462F46BD28AF9F0B00B5BA68 /* XCRemoteSwiftPackageReference "RxSwift" */,
			);
			productRefGroup = 46F9A0C028AF9C2600D43341 /* Products */;
			projectDirPath = "";
			projectRoot = "";
			targets = (
				46F9A0BE28AF9C2600D43341 /* CloneBankSalad */,
				462F46C728AF9F3C00B5BA68 /* CloneBankSaladTests */,
				462F46D428AF9F4D00B5BA68 /* CloneBankSaladUITests */,
			);
		};
/* End PBXProject section */

/* Begin PBXResourcesBuildPhase section */
		462F46C628AF9F3C00B5BA68 /* Resources */ = {
			isa = PBXResourcesBuildPhase;
			buildActionMask = 2147483647;
			files = (
			);
			runOnlyForDeploymentPostprocessing = 0;
		};
		462F46D328AF9F4D00B5BA68 /* Resources */ = {
			isa = PBXResourcesBuildPhase;
			buildActionMask = 2147483647;
			files = (
			);
			runOnlyForDeploymentPostprocessing = 0;
		};
		46F9A0BD28AF9C2600D43341 /* Resources */ = {
			isa = PBXResourcesBuildPhase;
			buildActionMask = 2147483647;
			files = (
				46F9A0CF28AF9C2700D43341 /* LaunchScreen.storyboard in Resources */,
				46F9A0CC28AF9C2700D43341 /* Assets.xcassets in Resources */,
				46F9A0CA28AF9C2600D43341 /* Main.storyboard in Resources */,
			);
			runOnlyForDeploymentPostprocessing = 0;
		};
/* End PBXResourcesBuildPhase section */

/* Begin PBXSourcesBuildPhase section */
		462F46C428AF9F3C00B5BA68 /* Sources */ = {
			isa = PBXSourcesBuildPhase;
			buildActionMask = 2147483647;
			files = (
				462F46CB28AF9F3C00B5BA68 /* CloneBankSaladTests.swift in Sources */,
			);
			runOnlyForDeploymentPostprocessing = 0;
		};
		462F46D128AF9F4D00B5BA68 /* Sources */ = {
			isa = PBXSourcesBuildPhase;
			buildActionMask = 2147483647;
			files = (
				462F46DA28AF9F4D00B5BA68 /* CloneBankSaladUITestsLaunchTests.swift in Sources */,
				462F46D828AF9F4D00B5BA68 /* CloneBankSaladUITests.swift in Sources */,
			);
			runOnlyForDeploymentPostprocessing = 0;
		};
		46F9A0BB28AF9C2600D43341 /* Sources */ = {
			isa = PBXSourcesBuildPhase;
			buildActionMask = 2147483647;
			files = (
				46F9A0C728AF9C2600D43341 /* ViewController.swift in Sources */,
				46F9A0C328AF9C2600D43341 /* AppDelegate.swift in Sources */,
				46F9A0C528AF9C2600D43341 /* SceneDelegate.swift in Sources */,
			);
			runOnlyForDeploymentPostprocessing = 0;
		};
/* End PBXSourcesBuildPhase section */

/* Begin PBXTargetDependency section */
		462F46CD28AF9F3C00B5BA68 /* PBXTargetDependency */ = {
			isa = PBXTargetDependency;
			target = 46F9A0BE28AF9C2600D43341 /* CloneBankSalad */;
			targetProxy = 462F46CC28AF9F3C00B5BA68 /* PBXContainerItemProxy */;
		};
		462F46DC28AF9F4D00B5BA68 /* PBXTargetDependency */ = {
			isa = PBXTargetDependency;
			target = 46F9A0BE28AF9C2600D43341 /* CloneBankSalad */;
			targetProxy = 462F46DB28AF9F4D00B5BA68 /* PBXContainerItemProxy */;
		};
/* End PBXTargetDependency section */

/* Begin PBXVariantGroup section */
		46F9A0C828AF9C2600D43341 /* Main.storyboard */ = {
			isa = PBXVariantGroup;
			children = (
				46F9A0C928AF9C2600D43341 /* Base */,
			);
			name = Main.storyboard;
			sourceTree = "<group>";
		};
		46F9A0CD28AF9C2700D43341 /* LaunchScreen.storyboard */ = {
			isa = PBXVariantGroup;
			children = (
				46F9A0CE28AF9C2700D43341 /* Base */,
			);
			name = LaunchScreen.storyboard;
			sourceTree = "<group>";
		};
/* End PBXVariantGroup section */

/* Begin XCBuildConfiguration section */
		462F46CF28AF9F3C00B5BA68 /* Debug */ = {
			isa = XCBuildConfiguration;
			buildSettings = {
				BUNDLE_LOADER = "$(TEST_HOST)";
				CODE_SIGN_STYLE = Automatic;
				CURRENT_PROJECT_VERSION = 1;
				GENERATE_INFOPLIST_FILE = YES;
				MARKETING_VERSION = 1.0;
				PRODUCT_BUNDLE_IDENTIFIER = me.codecamper.CloneBankSaladTests;
				PRODUCT_NAME = "$(TARGET_NAME)";
				SWIFT_EMIT_LOC_STRINGS = NO;
				SWIFT_VERSION = 5.0;
				TARGETED_DEVICE_FAMILY = "1,2";
				TEST_HOST = "$(BUILT_PRODUCTS_DIR)/CloneBankSalad.app/CloneBankSalad";
			};
			name = Debug;
		};
		462F46D028AF9F3C00B5BA68 /* Release */ = {
			isa = XCBuildConfiguration;
			buildSettings = {
				BUNDLE_LOADER = "$(TEST_HOST)";
				CODE_SIGN_STYLE = Automatic;
				CURRENT_PROJECT_VERSION = 1;
				GENERATE_INFOPLIST_FILE = YES;
				MARKETING_VERSION = 1.0;
				PRODUCT_BUNDLE_IDENTIFIER = me.codecamper.CloneBankSaladTests;
				PRODUCT_NAME = "$(TARGET_NAME)";
				SWIFT_EMIT_LOC_STRINGS = NO;
				SWIFT_VERSION = 5.0;
				TARGETED_DEVICE_FAMILY = "1,2";
				TEST_HOST = "$(BUILT_PRODUCTS_DIR)/CloneBankSalad.app/CloneBankSalad";
			};
			name = Release;
		};
		462F46DE28AF9F4D00B5BA68 /* Debug */ = {
			isa = XCBuildConfiguration;
			buildSettings = {
				CODE_SIGN_STYLE = Automatic;
				CURRENT_PROJECT_VERSION = 1;
				GENERATE_INFOPLIST_FILE = YES;
				MARKETING_VERSION = 1.0;
				PRODUCT_BUNDLE_IDENTIFIER = me.codecamper.CloneBankSaladUITests;
				PRODUCT_NAME = "$(TARGET_NAME)";
				SWIFT_EMIT_LOC_STRINGS = NO;
				SWIFT_VERSION = 5.0;
				TARGETED_DEVICE_FAMILY = "1,2";
				TEST_TARGET_NAME = CloneBankSalad;
			};
			name = Debug;
		};
		462F46DF28AF9F4D00B5BA68 /* Release */ = {
			isa = XCBuildConfiguration;
			buildSettings = {
				CODE_SIGN_STYLE = Automatic;
				CURRENT_PROJECT_VERSION = 1;
				GENERATE_INFOPLIST_FILE = YES;
				MARKETING_VERSION = 1.0;
				PRODUCT_BUNDLE_IDENTIFIER = me.codecamper.CloneBankSaladUITests;
				PRODUCT_NAME = "$(TARGET_NAME)";
				SWIFT_EMIT_LOC_STRINGS = NO;
				SWIFT_VERSION = 5.0;
				TARGETED_DEVICE_FAMILY = "1,2";
				TEST_TARGET_NAME = CloneBankSalad;
			};
			name = Release;
		};
		46F9A0D128AF9C2700D43341 /* Debug */ = {
			isa = XCBuildConfiguration;
			buildSettings = {
				ALWAYS_SEARCH_USER_PATHS = NO;
				CLANG_ANALYZER_NONNULL = YES;
				CLANG_ANALYZER_NUMBER_OBJECT_CONVERSION = YES_AGGRESSIVE;
				CLANG_CXX_LANGUAGE_STANDARD = "gnu++17";
				CLANG_ENABLE_MODULES = YES;
				CLANG_ENABLE_OBJC_ARC = YES;
				CLANG_ENABLE_OBJC_WEAK = YES;
				CLANG_WARN_BLOCK_CAPTURE_AUTORELEASING = YES;
				CLANG_WARN_BOOL_CONVERSION = YES;
				CLANG_WARN_COMMA = YES;
				CLANG_WARN_CONSTANT_CONVERSION = YES;
				CLANG_WARN_DEPRECATED_OBJC_IMPLEMENTATIONS = YES;
				CLANG_WARN_DIRECT_OBJC_ISA_USAGE = YES_ERROR;
				CLANG_WARN_DOCUMENTATION_COMMENTS = YES;
				CLANG_WARN_EMPTY_BODY = YES;
				CLANG_WARN_ENUM_CONVERSION = YES;
				CLANG_WARN_INFINITE_RECURSION = YES;
				CLANG_WARN_INT_CONVERSION = YES;
				CLANG_WARN_NON_LITERAL_NULL_CONVERSION = YES;
				CLANG_WARN_OBJC_IMPLICIT_RETAIN_SELF = YES;
				CLANG_WARN_OBJC_LITERAL_CONVERSION = YES;
				CLANG_WARN_OBJC_ROOT_CLASS = YES_ERROR;
				CLANG_WARN_QUOTED_INCLUDE_IN_FRAMEWORK_HEADER = YES;
				CLANG_WARN_RANGE_LOOP_ANALYSIS = YES;
				CLANG_WARN_STRICT_PROTOTYPES = YES;
				CLANG_WARN_SUSPICIOUS_MOVE = YES;
				CLANG_WARN_UNGUARDED_AVAILABILITY = YES_AGGRESSIVE;
				CLANG_WARN_UNREACHABLE_CODE = YES;
				CLANG_WARN__DUPLICATE_METHOD_MATCH = YES;
				COPY_PHASE_STRIP = NO;
				DEBUG_INFORMATION_FORMAT = dwarf;
				ENABLE_STRICT_OBJC_MSGSEND = YES;
				ENABLE_TESTABILITY = YES;
				GCC_C_LANGUAGE_STANDARD = gnu11;
				GCC_DYNAMIC_NO_PIC = NO;
				GCC_NO_COMMON_BLOCKS = YES;
				GCC_OPTIMIZATION_LEVEL = 0;
				GCC_PREPROCESSOR_DEFINITIONS = (
					"DEBUG=1",
					"$(inherited)",
				);
				GCC_WARN_64_TO_32_BIT_CONVERSION = YES;
				GCC_WARN_ABOUT_RETURN_TYPE = YES_ERROR;
				GCC_WARN_UNDECLARED_SELECTOR = YES;
				GCC_WARN_UNINITIALIZED_AUTOS = YES_AGGRESSIVE;
				GCC_WARN_UNUSED_FUNCTION = YES;
				GCC_WARN_UNUSED_VARIABLE = YES;
				IPHONEOS_DEPLOYMENT_TARGET = 15.5;
				MTL_ENABLE_DEBUG_INFO = INCLUDE_SOURCE;
				MTL_FAST_MATH = YES;
				ONLY_ACTIVE_ARCH = YES;
				SDKROOT = iphoneos;
				SWIFT_ACTIVE_COMPILATION_CONDITIONS = DEBUG;
				SWIFT_OPTIMIZATION_LEVEL = "-Onone";
			};
			name = Debug;
		};
		46F9A0D228AF9C2700D43341 /* Release */ = {
			isa = XCBuildConfiguration;
			buildSettings = {
				ALWAYS_SEARCH_USER_PATHS = NO;
				CLANG_ANALYZER_NONNULL = YES;
				CLANG_ANALYZER_NUMBER_OBJECT_CONVERSION = YES_AGGRESSIVE;
				CLANG_CXX_LANGUAGE_STANDARD = "gnu++17";
				CLANG_ENABLE_MODULES = YES;
				CLANG_ENABLE_OBJC_ARC = YES;
				CLANG_ENABLE_OBJC_WEAK = YES;
				CLANG_WARN_BLOCK_CAPTURE_AUTORELEASING = YES;
				CLANG_WARN_BOOL_CONVERSION = YES;
				CLANG_WARN_COMMA = YES;
				CLANG_WARN_CONSTANT_CONVERSION = YES;
				CLANG_WARN_DEPRECATED_OBJC_IMPLEMENTATIONS = YES;
				CLANG_WARN_DIRECT_OBJC_ISA_USAGE = YES_ERROR;
				CLANG_WARN_DOCUMENTATION_COMMENTS = YES;
				CLANG_WARN_EMPTY_BODY = YES;
				CLANG_WARN_ENUM_CONVERSION = YES;
				CLANG_WARN_INFINITE_RECURSION = YES;
				CLANG_WARN_INT_CONVERSION = YES;
				CLANG_WARN_NON_LITERAL_NULL_CONVERSION = YES;
				CLANG_WARN_OBJC_IMPLICIT_RETAIN_SELF = YES;
				CLANG_WARN_OBJC_LITERAL_CONVERSION = YES;
				CLANG_WARN_OBJC_ROOT_CLASS = YES_ERROR;
				CLANG_WARN_QUOTED_INCLUDE_IN_FRAMEWORK_HEADER = YES;
				CLANG_WARN_RANGE_LOOP_ANALYSIS = YES;
				CLANG_WARN_STRICT_PROTOTYPES = YES;
				CLANG_WARN_SUSPICIOUS_MOVE = YES;
				CLANG_WARN_UNGUARDED_AVAILABILITY = YES_AGGRESSIVE;
				CLANG_WARN_UNREACHABLE_CODE = YES;
				CLANG_WARN__DUPLICATE_METHOD_MATCH = YES;
				COPY_PHASE_STRIP = NO;
				DEBUG_INFORMATION_FORMAT = "dwarf-with-dsym";
				ENABLE_NS_ASSERTIONS = NO;
				ENABLE_STRICT_OBJC_MSGSEND = YES;
				GCC_C_LANGUAGE_STANDARD = gnu11;
				GCC_NO_COMMON_BLOCKS = YES;
				GCC_WARN_64_TO_32_BIT_CONVERSION = YES;
				GCC_WARN_ABOUT_RETURN_TYPE = YES_ERROR;
				GCC_WARN_UNDECLARED_SELECTOR = YES;
				GCC_WARN_UNINITIALIZED_AUTOS = YES_AGGRESSIVE;
				GCC_WARN_UNUSED_FUNCTION = YES;
				GCC_WARN_UNUSED_VARIABLE = YES;
				IPHONEOS_DEPLOYMENT_TARGET = 15.5;
				MTL_ENABLE_DEBUG_INFO = NO;
				MTL_FAST_MATH = YES;
				SDKROOT = iphoneos;
				SWIFT_COMPILATION_MODE = wholemodule;
				SWIFT_OPTIMIZATION_LEVEL = "-O";
				VALIDATE_PRODUCT = YES;
			};
			name = Release;
		};
		46F9A0D428AF9C2700D43341 /* Debug */ = {
			isa = XCBuildConfiguration;
			buildSettings = {
				ASSETCATALOG_COMPILER_APPICON_NAME = AppIcon;
				ASSETCATALOG_COMPILER_GLOBAL_ACCENT_COLOR_NAME = AccentColor;
				CODE_SIGN_STYLE = Automatic;
				CURRENT_PROJECT_VERSION = 1;
				GENERATE_INFOPLIST_FILE = YES;
				INFOPLIST_FILE = CloneBankSalad/Info.plist;
				INFOPLIST_KEY_UIApplicationSupportsIndirectInputEvents = YES;
				INFOPLIST_KEY_UILaunchStoryboardName = LaunchScreen;
				INFOPLIST_KEY_UIMainStoryboardFile = Main;
				INFOPLIST_KEY_UISupportedInterfaceOrientations_iPad = "UIInterfaceOrientationPortrait UIInterfaceOrientationPortraitUpsideDown UIInterfaceOrientationLandscapeLeft UIInterfaceOrientationLandscapeRight";
				INFOPLIST_KEY_UISupportedInterfaceOrientations_iPhone = "UIInterfaceOrientationPortrait UIInterfaceOrientationLandscapeLeft UIInterfaceOrientationLandscapeRight";
				LD_RUNPATH_SEARCH_PATHS = (
					"$(inherited)",
					"@executable_path/Frameworks",
				);
				MARKETING_VERSION = 1.0;
				PRODUCT_BUNDLE_IDENTIFIER = me.codecamper.CloneBankSalad;
				PRODUCT_NAME = "$(TARGET_NAME)";
				SWIFT_EMIT_LOC_STRINGS = YES;
				SWIFT_VERSION = 5.0;
				TARGETED_DEVICE_FAMILY = "1,2";
			};
			name = Debug;
		};
		46F9A0D528AF9C2700D43341 /* Release */ = {
			isa = XCBuildConfiguration;
			buildSettings = {
				ASSETCATALOG_COMPILER_APPICON_NAME = AppIcon;
				ASSETCATALOG_COMPILER_GLOBAL_ACCENT_COLOR_NAME = AccentColor;
				CODE_SIGN_STYLE = Automatic;
				CURRENT_PROJECT_VERSION = 1;
				GENERATE_INFOPLIST_FILE = YES;
				INFOPLIST_FILE = CloneBankSalad/Info.plist;
				INFOPLIST_KEY_UIApplicationSupportsIndirectInputEvents = YES;
				INFOPLIST_KEY_UILaunchStoryboardName = LaunchScreen;
				INFOPLIST_KEY_UIMainStoryboardFile = Main;
				INFOPLIST_KEY_UISupportedInterfaceOrientations_iPad = "UIInterfaceOrientationPortrait UIInterfaceOrientationPortraitUpsideDown UIInterfaceOrientationLandscapeLeft UIInterfaceOrientationLandscapeRight";
				INFOPLIST_KEY_UISupportedInterfaceOrientations_iPhone = "UIInterfaceOrientationPortrait UIInterfaceOrientationLandscapeLeft UIInterfaceOrientationLandscapeRight";
				LD_RUNPATH_SEARCH_PATHS = (
					"$(inherited)",
					"@executable_path/Frameworks",
				);
				MARKETING_VERSION = 1.0;
				PRODUCT_BUNDLE_IDENTIFIER = me.codecamper.CloneBankSalad;
				PRODUCT_NAME = "$(TARGET_NAME)";
				SWIFT_EMIT_LOC_STRINGS = YES;
				SWIFT_VERSION = 5.0;
				TARGETED_DEVICE_FAMILY = "1,2";
			};
			name = Release;
		};
/* End XCBuildConfiguration section */

/* Begin XCConfigurationList section */
		462F46CE28AF9F3C00B5BA68 /* Build configuration list for PBXNativeTarget "CloneBankSaladTests" */ = {
			isa = XCConfigurationList;
			buildConfigurations = (
				462F46CF28AF9F3C00B5BA68 /* Debug */,
				462F46D028AF9F3C00B5BA68 /* Release */,
			);
			defaultConfigurationIsVisible = 0;
			defaultConfigurationName = Release;
		};
		462F46DD28AF9F4D00B5BA68 /* Build configuration list for PBXNativeTarget "CloneBankSaladUITests" */ = {
			isa = XCConfigurationList;
			buildConfigurations = (
				462F46DE28AF9F4D00B5BA68 /* Debug */,
				462F46DF28AF9F4D00B5BA68 /* Release */,
			);
			defaultConfigurationIsVisible = 0;
			defaultConfigurationName = Release;
		};
		46F9A0BA28AF9C2600D43341 /* Build configuration list for PBXProject "CloneBankSalad" */ = {
			isa = XCConfigurationList;
			buildConfigurations = (
				46F9A0D128AF9C2700D43341 /* Debug */,
				46F9A0D228AF9C2700D43341 /* Release */,
			);
			defaultConfigurationIsVisible = 0;
			defaultConfigurationName = Release;
		};
		46F9A0D328AF9C2700D43341 /* Build configuration list for PBXNativeTarget "CloneBankSalad" */ = {
			isa = XCConfigurationList;
			buildConfigurations = (
				46F9A0D428AF9C2700D43341 /* Debug */,
				46F9A0D528AF9C2700D43341 /* Release */,
			);
			defaultConfigurationIsVisible = 0;
			defaultConfigurationName = Release;
		};
/* End XCConfigurationList section */

/* Begin XCRemoteSwiftPackageReference section */
		462F46BD28AF9F0B00B5BA68 /* XCRemoteSwiftPackageReference "RxSwift" */ = {
			isa = XCRemoteSwiftPackageReference;
			repositoryURL = "https://github.com/ReactiveX/RxSwift.git";
			requirement = {
				kind = upToNextMajorVersion;
				minimumVersion = 6.0.0;
			};
		};
/* End XCRemoteSwiftPackageReference section */

/* Begin XCSwiftPackageProductDependency section */
		462F46BE28AF9F0B00B5BA68 /* RxCocoa */ = {
			isa = XCSwiftPackageProductDependency;
			package = 462F46BD28AF9F0B00B5BA68 /* XCRemoteSwiftPackageReference "RxSwift" */;
			productName = RxCocoa;
		};
		462F46C028AF9F0B00B5BA68 /* RxRelay */ = {
			isa = XCSwiftPackageProductDependency;
			package = 462F46BD28AF9F0B00B5BA68 /* XCRemoteSwiftPackageReference "RxSwift" */;
			productName = RxRelay;
		};
		462F46C228AF9F0B00B5BA68 /* RxSwift */ = {
			isa = XCSwiftPackageProductDependency;
			package = 462F46BD28AF9F0B00B5BA68 /* XCRemoteSwiftPackageReference "RxSwift" */;
			productName = RxSwift;
		};
/* End XCSwiftPackageProductDependency section */
	};
	rootObject = 46F9A0B728AF9C2600D43341 /* Project object */;
}
